// !$*UTF8*$!
{
	archiveVersion = 1;
	classes = {
	};
	objectVersion = 47;
	objects = {

/* Begin PBXBuildFile section */
		4F393A291C3C8BCD00B3EA13 /* main.swift in Sources */ = {isa = PBXBuildFile; fileRef = 4F393A281C3C8BCD00B3EA13 /* main.swift */; };
		4FD6C47A1B754AF1002F9F90 /* AppDelegate.swift in Sources */ = {isa = PBXBuildFile; fileRef = 4FD6C4791B754AF1002F9F90 /* AppDelegate.swift */; };
		4FD6C49F1B755242002F9F90 /* RootViewController.swift in Sources */ = {isa = PBXBuildFile; fileRef = 4FD6C49C1B755242002F9F90 /* RootViewController.swift */; };
		4FD6C4A01B755242002F9F90 /* InitialViewController.swift in Sources */ = {isa = PBXBuildFile; fileRef = 4FD6C49D1B755242002F9F90 /* InitialViewController.swift */; };
		78A235BD93AB7D080D67CD51 /* Pods_Authenticator.framework in Frameworks */ = {isa = PBXBuildFile; fileRef = 82A29C75280BDF73123F14B4 /* Pods_Authenticator.framework */; };
		B7090D901FA97F98003086EA /* Launch Screen.storyboard in Resources */ = {isa = PBXBuildFile; fileRef = B7090D8F1FA97F98003086EA /* Launch Screen.storyboard */; };
		B73ECEB51F908AD60065F006 /* Images.xcassets in Resources */ = {isa = PBXBuildFile; fileRef = B73ECEB41F908AD60065F006 /* Images.xcassets */; };
		B79B0CB41F6658CC005F56CC /* ActionsPopoverTableViewController.swift in Sources */ = {isa = PBXBuildFile; fileRef = B79B0CB01F6658CC005F56CC /* ActionsPopoverTableViewController.swift */; };
		B79B0CB61F6658CC005F56CC /* MainViewController.swift in Sources */ = {isa = PBXBuildFile; fileRef = B79B0CB21F6658CC005F56CC /* MainViewController.swift */; };
		B79B0CB71F6658CC005F56CC /* UIView+constraints.swift in Sources */ = {isa = PBXBuildFile; fileRef = B79B0CB31F6658CC005F56CC /* UIView+constraints.swift */; };
		B79B0CBC1F665B06005F56CC /* UserListViewController.swift in Sources */ = {isa = PBXBuildFile; fileRef = B79B0CBB1F665B06005F56CC /* UserListViewController.swift */; };
		B79B0CBE1F670DCB005F56CC /* SalesforceAppLogo.jpg in Resources */ = {isa = PBXBuildFile; fileRef = B79B0CBD1F670DCB005F56CC /* SalesforceAppLogo.jpg */; };
		B79B0CC01F670EE9005F56CC /* SalesforceAppLogo2.png in Resources */ = {isa = PBXBuildFile; fileRef = B79B0CBF1F670EE9005F56CC /* SalesforceAppLogo2.png */; };
		B79B0CC21F67104D005F56CC /* AppsViewController.swift in Sources */ = {isa = PBXBuildFile; fileRef = B79B0CC11F67104D005F56CC /* AppsViewController.swift */; };
		B79B0CC51F671151005F56CC /* UserTableViewCell.swift in Sources */ = {isa = PBXBuildFile; fileRef = B79B0CC31F671151005F56CC /* UserTableViewCell.swift */; };
		B79B0CC61F671151005F56CC /* UserTableViewCell.xib in Resources */ = {isa = PBXBuildFile; fileRef = B79B0CC41F671151005F56CC /* UserTableViewCell.xib */; };
		B79B0CCA1F67379C005F56CC /* Utilities.swift in Sources */ = {isa = PBXBuildFile; fileRef = B79B0CC91F67379C005F56CC /* Utilities.swift */; };
		B79B0D1A1F6B51F6005F56CC /* PermissionsViewController.swift in Sources */ = {isa = PBXBuildFile; fileRef = B79B0D191F6B51F6005F56CC /* PermissionsViewController.swift */; };
		B79B0D431F6B5CEF005F56CC /* PermissionsViewController.xib in Resources */ = {isa = PBXBuildFile; fileRef = B79B0D421F6B5CEF005F56CC /* PermissionsViewController.xib */; };
		B79B0D451F6B68F1005F56CC /* PermissionsNavViewController.swift in Sources */ = {isa = PBXBuildFile; fileRef = B79B0D441F6B68F1005F56CC /* PermissionsNavViewController.swift */; };
		B7DCCA1D1FA1A591003C7812 /* AppsMain.storyboard in Resources */ = {isa = PBXBuildFile; fileRef = B7DCCA1C1FA1A591003C7812 /* AppsMain.storyboard */; };
/* End PBXBuildFile section */

/* Begin PBXFileReference section */
		045D1C5BC2F1EADFDFB3671E /* Pods-Authenticator.release.xcconfig */ = {isa = PBXFileReference; includeInIndex = 1; lastKnownFileType = text.xcconfig; name = "Pods-Authenticator.release.xcconfig"; path = "Pods/Target Support Files/Pods-Authenticator/Pods-Authenticator.release.xcconfig"; sourceTree = "<group>"; };
		4F393A281C3C8BCD00B3EA13 /* main.swift */ = {isa = PBXFileReference; fileEncoding = 4; lastKnownFileType = sourcecode.swift; path = main.swift; sourceTree = "<group>"; };
		4FD6C4741B754AF1002F9F90 /* Authenticator.app */ = {isa = PBXFileReference; explicitFileType = wrapper.application; includeInIndex = 0; path = Authenticator.app; sourceTree = BUILT_PRODUCTS_DIR; };
		4FD6C4781B754AF1002F9F90 /* Info.plist */ = {isa = PBXFileReference; lastKnownFileType = text.plist.xml; path = Info.plist; sourceTree = "<group>"; };
		4FD6C4791B754AF1002F9F90 /* AppDelegate.swift */ = {isa = PBXFileReference; lastKnownFileType = sourcecode.swift; path = AppDelegate.swift; sourceTree = "<group>"; };
		4FD6C49A1B755242002F9F90 /* Bridging-Header.h */ = {isa = PBXFileReference; fileEncoding = 4; lastKnownFileType = sourcecode.c.h; path = "Bridging-Header.h"; sourceTree = "<group>"; };
		4FD6C49C1B755242002F9F90 /* RootViewController.swift */ = {isa = PBXFileReference; fileEncoding = 4; lastKnownFileType = sourcecode.swift; path = RootViewController.swift; sourceTree = "<group>"; };
		4FD6C49D1B755242002F9F90 /* InitialViewController.swift */ = {isa = PBXFileReference; fileEncoding = 4; lastKnownFileType = sourcecode.swift; path = InitialViewController.swift; sourceTree = "<group>"; };
		4FF12F8A1DCA91F5004D9EF9 /* Authenticator.entitlements */ = {isa = PBXFileReference; lastKnownFileType = text.plist.entitlements; path = Authenticator.entitlements; sourceTree = "<group>"; };
		762732C14CFE40A989C3AD70 /* Pods-Authenticator.debug.xcconfig */ = {isa = PBXFileReference; includeInIndex = 1; lastKnownFileType = text.xcconfig; name = "Pods-Authenticator.debug.xcconfig"; path = "Pods/Target Support Files/Pods-Authenticator/Pods-Authenticator.debug.xcconfig"; sourceTree = "<group>"; };
		82A29C75280BDF73123F14B4 /* Pods_Authenticator.framework */ = {isa = PBXFileReference; explicitFileType = wrapper.framework; includeInIndex = 0; path = Pods_Authenticator.framework; sourceTree = BUILT_PRODUCTS_DIR; };
		B7090D8F1FA97F98003086EA /* Launch Screen.storyboard */ = {isa = PBXFileReference; lastKnownFileType = file.storyboard; name = "Launch Screen.storyboard"; path = "Authenticator/Launch Screen.storyboard"; sourceTree = "<group>"; };
		B73ECEB41F908AD60065F006 /* Images.xcassets */ = {isa = PBXFileReference; lastKnownFileType = folder.assetcatalog; name = Images.xcassets; path = ../Images.xcassets; sourceTree = "<group>"; };
		B79B0CB01F6658CC005F56CC /* ActionsPopoverTableViewController.swift */ = {isa = PBXFileReference; fileEncoding = 4; lastKnownFileType = sourcecode.swift; path = ActionsPopoverTableViewController.swift; sourceTree = "<group>"; };
		B79B0CB21F6658CC005F56CC /* MainViewController.swift */ = {isa = PBXFileReference; fileEncoding = 4; lastKnownFileType = sourcecode.swift; path = MainViewController.swift; sourceTree = "<group>"; };
		B79B0CB31F6658CC005F56CC /* UIView+constraints.swift */ = {isa = PBXFileReference; fileEncoding = 4; lastKnownFileType = sourcecode.swift; path = "UIView+constraints.swift"; sourceTree = "<group>"; };
		B79B0CBB1F665B06005F56CC /* UserListViewController.swift */ = {isa = PBXFileReference; fileEncoding = 4; lastKnownFileType = sourcecode.swift; path = UserListViewController.swift; sourceTree = "<group>"; };
		B79B0CBD1F670DCB005F56CC /* SalesforceAppLogo.jpg */ = {isa = PBXFileReference; lastKnownFileType = image.jpeg; path = SalesforceAppLogo.jpg; sourceTree = "<group>"; };
		B79B0CBF1F670EE9005F56CC /* SalesforceAppLogo2.png */ = {isa = PBXFileReference; lastKnownFileType = image.png; path = SalesforceAppLogo2.png; sourceTree = "<group>"; };
		B79B0CC11F67104D005F56CC /* AppsViewController.swift */ = {isa = PBXFileReference; fileEncoding = 4; lastKnownFileType = sourcecode.swift; path = AppsViewController.swift; sourceTree = "<group>"; };
		B79B0CC31F671151005F56CC /* UserTableViewCell.swift */ = {isa = PBXFileReference; fileEncoding = 4; lastKnownFileType = sourcecode.swift; path = UserTableViewCell.swift; sourceTree = "<group>"; };
		B79B0CC41F671151005F56CC /* UserTableViewCell.xib */ = {isa = PBXFileReference; fileEncoding = 4; lastKnownFileType = file.xib; path = UserTableViewCell.xib; sourceTree = "<group>"; };
		B79B0CC91F67379C005F56CC /* Utilities.swift */ = {isa = PBXFileReference; fileEncoding = 4; lastKnownFileType = sourcecode.swift; path = Utilities.swift; sourceTree = "<group>"; };
		B79B0D191F6B51F6005F56CC /* PermissionsViewController.swift */ = {isa = PBXFileReference; fileEncoding = 4; lastKnownFileType = sourcecode.swift; path = PermissionsViewController.swift; sourceTree = "<group>"; };
		B79B0D421F6B5CEF005F56CC /* PermissionsViewController.xib */ = {isa = PBXFileReference; fileEncoding = 4; lastKnownFileType = file.xib; path = PermissionsViewController.xib; sourceTree = "<group>"; };
		B79B0D441F6B68F1005F56CC /* PermissionsNavViewController.swift */ = {isa = PBXFileReference; fileEncoding = 4; lastKnownFileType = sourcecode.swift; path = PermissionsNavViewController.swift; sourceTree = "<group>"; };
		B7DCCA1C1FA1A591003C7812 /* AppsMain.storyboard */ = {isa = PBXFileReference; lastKnownFileType = file.storyboard; path = AppsMain.storyboard; sourceTree = "<group>"; };
/* End PBXFileReference section */

/* Begin PBXFrameworksBuildPhase section */
		4FD6C4711B754AF1002F9F90 /* Frameworks */ = {
			isa = PBXFrameworksBuildPhase;
			buildActionMask = 2147483647;
			files = (
				78A235BD93AB7D080D67CD51 /* Pods_Authenticator.framework in Frameworks */,
			);
			runOnlyForDeploymentPostprocessing = 0;
		};
/* End PBXFrameworksBuildPhase section */

/* Begin PBXGroup section */
		4FD6C46B1B754AF1002F9F90 = {
			isa = PBXGroup;
			children = (
				B7090D8F1FA97F98003086EA /* Launch Screen.storyboard */,
				4FD6C4761B754AF1002F9F90 /* Authenticator */,
				4FD6C4751B754AF1002F9F90 /* Products */,
				DDFDDF0A29E4BDD114B51BBC /* Pods */,
				6B868AEB1ACA7FCA4636C7F7 /* Frameworks */,
			);
			sourceTree = "<group>";
		};
		4FD6C4751B754AF1002F9F90 /* Products */ = {
			isa = PBXGroup;
			children = (
				4FD6C4741B754AF1002F9F90 /* Authenticator.app */,
			);
			name = Products;
			sourceTree = "<group>";
		};
		4FD6C4761B754AF1002F9F90 /* Authenticator */ = {
			isa = PBXGroup;
			children = (
				4FF12F8A1DCA91F5004D9EF9 /* Authenticator.entitlements */,
				4FD6C4A11B755265002F9F90 /* Classes */,
				4FD6C4771B754AF1002F9F90 /* Supporting Files */,
			);
			path = Authenticator;
			sourceTree = "<group>";
		};
		4FD6C4771B754AF1002F9F90 /* Supporting Files */ = {
			isa = PBXGroup;
			children = (
				B73ECEB41F908AD60065F006 /* Images.xcassets */,
				B79B0CBF1F670EE9005F56CC /* SalesforceAppLogo2.png */,
				B79B0CBD1F670DCB005F56CC /* SalesforceAppLogo.jpg */,
				4FD6C4781B754AF1002F9F90 /* Info.plist */,
			);
			name = "Supporting Files";
			sourceTree = "<group>";
		};
		4FD6C4A11B755265002F9F90 /* Classes */ = {
			isa = PBXGroup;
			children = (
				B79B0CB01F6658CC005F56CC /* ActionsPopoverTableViewController.swift */,
				B79B0CB21F6658CC005F56CC /* MainViewController.swift */,
				B79B0CB31F6658CC005F56CC /* UIView+constraints.swift */,
				4FD6C49A1B755242002F9F90 /* Bridging-Header.h */,
				4FD6C49C1B755242002F9F90 /* RootViewController.swift */,
				4FD6C49D1B755242002F9F90 /* InitialViewController.swift */,
				4FD6C4791B754AF1002F9F90 /* AppDelegate.swift */,
				4F393A281C3C8BCD00B3EA13 /* main.swift */,
				B79B0CBB1F665B06005F56CC /* UserListViewController.swift */,
				B79B0CC11F67104D005F56CC /* AppsViewController.swift */,
				B79B0CC31F671151005F56CC /* UserTableViewCell.swift */,
				B79B0CC41F671151005F56CC /* UserTableViewCell.xib */,
				B79B0CC91F67379C005F56CC /* Utilities.swift */,
				B79B0D191F6B51F6005F56CC /* PermissionsViewController.swift */,
				B79B0D421F6B5CEF005F56CC /* PermissionsViewController.xib */,
				B79B0D441F6B68F1005F56CC /* PermissionsNavViewController.swift */,
				B7DCCA1C1FA1A591003C7812 /* AppsMain.storyboard */,
			);
			name = Classes;
			sourceTree = "<group>";
		};
		6B868AEB1ACA7FCA4636C7F7 /* Frameworks */ = {
			isa = PBXGroup;
			children = (
				82A29C75280BDF73123F14B4 /* Pods_Authenticator.framework */,
			);
			name = Frameworks;
			sourceTree = "<group>";
		};
		DDFDDF0A29E4BDD114B51BBC /* Pods */ = {
			isa = PBXGroup;
			children = (
				762732C14CFE40A989C3AD70 /* Pods-Authenticator.debug.xcconfig */,
				045D1C5BC2F1EADFDFB3671E /* Pods-Authenticator.release.xcconfig */,
			);
			name = Pods;
			sourceTree = "<group>";
		};
/* End PBXGroup section */

/* Begin PBXNativeTarget section */
		4FD6C4731B754AF1002F9F90 /* Authenticator */ = {
			isa = PBXNativeTarget;
			buildConfigurationList = 4FD6C4931B754AF1002F9F90 /* Build configuration list for PBXNativeTarget "Authenticator" */;
			buildPhases = (
				FF74F0F7AF3E58C14EBE5178 /* [CP] Check Pods Manifest.lock */,
				4FD6C4701B754AF1002F9F90 /* Sources */,
				4FD6C4711B754AF1002F9F90 /* Frameworks */,
				4FD6C4721B754AF1002F9F90 /* Resources */,
				68C67C5E03B67EF3A0901D3D /* [CP] Copy Pods Resources */,
				7056FC8D1D194E5113988767 /* [CP] Embed Pods Frameworks */,
			);
			buildRules = (
			);
			dependencies = (
			);
			name = Authenticator;
			productName = Authenticator;
			productReference = 4FD6C4741B754AF1002F9F90 /* Authenticator.app */;
			productType = "com.apple.product-type.application";
		};
/* End PBXNativeTarget section */

/* Begin PBXProject section */
		4FD6C46C1B754AF1002F9F90 /* Project object */ = {
			isa = PBXProject;
			attributes = {
				LastSwiftUpdateCheck = 0710;
				LastUpgradeCheck = 0920;
				ORGANIZATIONNAME = SFDCAuthenticator;
				TargetAttributes = {
					4FD6C4731B754AF1002F9F90 = {
						CreatedOnToolsVersion = 6.4;
						LastSwiftMigration = 0800;
						ProvisioningStyle = Automatic;
						SystemCapabilities = {
							com.apple.Keychain = {
								enabled = 1;
							};
						};
					};
				};
			};
			buildConfigurationList = 4FD6C46F1B754AF1002F9F90 /* Build configuration list for PBXProject "Authenticator" */;
			compatibilityVersion = "Xcode 6.3";
			developmentRegion = English;
			hasScannedForEncodings = 0;
			knownRegions = (
				en,
				Base,
			);
			mainGroup = 4FD6C46B1B754AF1002F9F90;
			productRefGroup = 4FD6C4751B754AF1002F9F90 /* Products */;
			projectDirPath = "";
			projectRoot = "";
			targets = (
				4FD6C4731B754AF1002F9F90 /* Authenticator */,
			);
		};
/* End PBXProject section */

/* Begin PBXResourcesBuildPhase section */
		4FD6C4721B754AF1002F9F90 /* Resources */ = {
			isa = PBXResourcesBuildPhase;
			buildActionMask = 2147483647;
			files = (
				B79B0CC01F670EE9005F56CC /* SalesforceAppLogo2.png in Resources */,
				B79B0D431F6B5CEF005F56CC /* PermissionsViewController.xib in Resources */,
				B7090D901FA97F98003086EA /* Launch Screen.storyboard in Resources */,
				B79B0CBE1F670DCB005F56CC /* SalesforceAppLogo.jpg in Resources */,
				B73ECEB51F908AD60065F006 /* Images.xcassets in Resources */,
				B7DCCA1D1FA1A591003C7812 /* AppsMain.storyboard in Resources */,
				B79B0CC61F671151005F56CC /* UserTableViewCell.xib in Resources */,
			);
			runOnlyForDeploymentPostprocessing = 0;
		};
/* End PBXResourcesBuildPhase section */

/* Begin PBXShellScriptBuildPhase section */
		68C67C5E03B67EF3A0901D3D /* [CP] Copy Pods Resources */ = {
			isa = PBXShellScriptBuildPhase;
			buildActionMask = 2147483647;
			files = (
			);
			inputPaths = (
			);
			name = "[CP] Copy Pods Resources";
			outputPaths = (
			);
			runOnlyForDeploymentPostprocessing = 0;
			shellPath = /bin/sh;
			shellScript = "\"${SRCROOT}/Pods/Target Support Files/Pods-Authenticator/Pods-Authenticator-resources.sh\"\n";
			showEnvVarsInLog = 0;
		};
		7056FC8D1D194E5113988767 /* [CP] Embed Pods Frameworks */ = {
			isa = PBXShellScriptBuildPhase;
			buildActionMask = 2147483647;
			files = (
			);
			inputPaths = (
				"${SRCROOT}/Pods/Target Support Files/Pods-Authenticator/Pods-Authenticator-frameworks.sh",
				"${BUILT_PRODUCTS_DIR}/CocoaLumberjack/CocoaLumberjack.framework",
				"${BUILT_PRODUCTS_DIR}/FMDB/FMDB.framework",
				"${BUILT_PRODUCTS_DIR}/Kingfisher/Kingfisher.framework",
				"${BUILT_PRODUCTS_DIR}/SQLCipher/SQLCipher.framework",
				"${BUILT_PRODUCTS_DIR}/SalesforceAnalytics/SalesforceAnalytics.framework",
				"${BUILT_PRODUCTS_DIR}/SalesforceSDKCore/SalesforceSDKCore.framework",
				"${BUILT_PRODUCTS_DIR}/SmartStore/SmartStore.framework",
				"${BUILT_PRODUCTS_DIR}/SmartSync/SmartSync.framework",
				"${BUILT_PRODUCTS_DIR}/SwipeCellKit/SwipeCellKit.framework",
				"${BUILT_PRODUCTS_DIR}/WYPopoverController/WYPopoverController.framework",
			);
			name = "[CP] Embed Pods Frameworks";
			outputPaths = (
				"${TARGET_BUILD_DIR}/${FRAMEWORKS_FOLDER_PATH}/CocoaLumberjack.framework",
				"${TARGET_BUILD_DIR}/${FRAMEWORKS_FOLDER_PATH}/FMDB.framework",
				"${TARGET_BUILD_DIR}/${FRAMEWORKS_FOLDER_PATH}/Kingfisher.framework",
				"${TARGET_BUILD_DIR}/${FRAMEWORKS_FOLDER_PATH}/SQLCipher.framework",
				"${TARGET_BUILD_DIR}/${FRAMEWORKS_FOLDER_PATH}/SalesforceAnalytics.framework",
				"${TARGET_BUILD_DIR}/${FRAMEWORKS_FOLDER_PATH}/SalesforceSDKCore.framework",
				"${TARGET_BUILD_DIR}/${FRAMEWORKS_FOLDER_PATH}/SmartStore.framework",
				"${TARGET_BUILD_DIR}/${FRAMEWORKS_FOLDER_PATH}/SmartSync.framework",
				"${TARGET_BUILD_DIR}/${FRAMEWORKS_FOLDER_PATH}/SwipeCellKit.framework",
				"${TARGET_BUILD_DIR}/${FRAMEWORKS_FOLDER_PATH}/WYPopoverController.framework",
			);
			runOnlyForDeploymentPostprocessing = 0;
			shellPath = /bin/sh;
			shellScript = "\"${SRCROOT}/Pods/Target Support Files/Pods-Authenticator/Pods-Authenticator-frameworks.sh\"\n";
			showEnvVarsInLog = 0;
		};
		FF74F0F7AF3E58C14EBE5178 /* [CP] Check Pods Manifest.lock */ = {
			isa = PBXShellScriptBuildPhase;
			buildActionMask = 2147483647;
			files = (
			);
			inputPaths = (
				"${PODS_PODFILE_DIR_PATH}/Podfile.lock",
				"${PODS_ROOT}/Manifest.lock",
			);
			name = "[CP] Check Pods Manifest.lock";
			outputPaths = (
				"$(DERIVED_FILE_DIR)/Pods-Authenticator-checkManifestLockResult.txt",
			);
			runOnlyForDeploymentPostprocessing = 0;
			shellPath = /bin/sh;
			shellScript = "diff \"${PODS_ROOT}/../Podfile.lock\" \"${PODS_ROOT}/Manifest.lock\" > /dev/null\nif [ $? != 0 ] ; then\n    # print error to STDERR\n    echo \"error: The sandbox is not in sync with the Podfile.lock. Run 'pod install' or update your CocoaPods installation.\" >&2\n    exit 1\nfi\n";
			showEnvVarsInLog = 0;
		};
/* End PBXShellScriptBuildPhase section */

/* Begin PBXSourcesBuildPhase section */
		4FD6C4701B754AF1002F9F90 /* Sources */ = {
			isa = PBXSourcesBuildPhase;
			buildActionMask = 2147483647;
			files = (
				B79B0CB71F6658CC005F56CC /* UIView+constraints.swift in Sources */,
				B79B0CBC1F665B06005F56CC /* UserListViewController.swift in Sources */,
				4FD6C47A1B754AF1002F9F90 /* AppDelegate.swift in Sources */,
				B79B0CB41F6658CC005F56CC /* ActionsPopoverTableViewController.swift in Sources */,
				B79B0D451F6B68F1005F56CC /* PermissionsNavViewController.swift in Sources */,
				B79B0CC51F671151005F56CC /* UserTableViewCell.swift in Sources */,
				B79B0CCA1F67379C005F56CC /* Utilities.swift in Sources */,
				B79B0D1A1F6B51F6005F56CC /* PermissionsViewController.swift in Sources */,
				4FD6C49F1B755242002F9F90 /* RootViewController.swift in Sources */,
				B79B0CC21F67104D005F56CC /* AppsViewController.swift in Sources */,
				B79B0CB61F6658CC005F56CC /* MainViewController.swift in Sources */,
				4F393A291C3C8BCD00B3EA13 /* main.swift in Sources */,
				4FD6C4A01B755242002F9F90 /* InitialViewController.swift in Sources */,
			);
			runOnlyForDeploymentPostprocessing = 0;
		};
/* End PBXSourcesBuildPhase section */

/* Begin XCBuildConfiguration section */
		4FD6C4911B754AF1002F9F90 /* Debug */ = {
			isa = XCBuildConfiguration;
			buildSettings = {
				ALWAYS_SEARCH_USER_PATHS = NO;
				CLANG_CXX_LANGUAGE_STANDARD = "gnu++0x";
				CLANG_CXX_LIBRARY = "libc++";
				CLANG_ENABLE_MODULES = YES;
				CLANG_ENABLE_OBJC_ARC = YES;
				CLANG_WARN_BLOCK_CAPTURE_AUTORELEASING = YES;
				CLANG_WARN_BOOL_CONVERSION = YES;
				CLANG_WARN_COMMA = YES;
				CLANG_WARN_CONSTANT_CONVERSION = YES;
				CLANG_WARN_DIRECT_OBJC_ISA_USAGE = YES_ERROR;
				CLANG_WARN_EMPTY_BODY = YES;
				CLANG_WARN_ENUM_CONVERSION = YES;
				CLANG_WARN_INFINITE_RECURSION = YES;
				CLANG_WARN_INT_CONVERSION = YES;
				CLANG_WARN_NON_LITERAL_NULL_CONVERSION = YES;
				CLANG_WARN_OBJC_LITERAL_CONVERSION = YES;
				CLANG_WARN_OBJC_ROOT_CLASS = YES_ERROR;
				CLANG_WARN_RANGE_LOOP_ANALYSIS = YES;
				CLANG_WARN_STRICT_PROTOTYPES = YES;
				CLANG_WARN_SUSPICIOUS_MOVE = YES;
				CLANG_WARN_UNREACHABLE_CODE = YES;
				CLANG_WARN__DUPLICATE_METHOD_MATCH = YES;
				"CODE_SIGN_IDENTITY[sdk=iphoneos*]" = "iPhone Developer";
				COPY_PHASE_STRIP = NO;
				DEBUG_INFORMATION_FORMAT = "dwarf-with-dsym";
				EMBED_ASSET_PACKS_IN_PRODUCT_BUNDLE = NO;
				ENABLE_STRICT_OBJC_MSGSEND = YES;
				ENABLE_TESTABILITY = YES;
				GCC_C_LANGUAGE_STANDARD = gnu99;
				GCC_DYNAMIC_NO_PIC = NO;
				GCC_NO_COMMON_BLOCKS = YES;
				GCC_OPTIMIZATION_LEVEL = 0;
				GCC_PREPROCESSOR_DEFINITIONS = (
					"DEBUG=1",
					"$(inherited)",
				);
				GCC_SYMBOLS_PRIVATE_EXTERN = NO;
				GCC_WARN_64_TO_32_BIT_CONVERSION = YES;
				GCC_WARN_ABOUT_RETURN_TYPE = YES_ERROR;
				GCC_WARN_UNDECLARED_SELECTOR = YES;
				GCC_WARN_UNINITIALIZED_AUTOS = YES_AGGRESSIVE;
				GCC_WARN_UNUSED_FUNCTION = YES;
				GCC_WARN_UNUSED_VARIABLE = YES;
				IPHONEOS_DEPLOYMENT_TARGET = 10.0;
				MTL_ENABLE_DEBUG_INFO = YES;
				ONLY_ACTIVE_ARCH = YES;
				SDKROOT = iphoneos;
				SWIFT_OPTIMIZATION_LEVEL = "-Onone";
				TARGETED_DEVICE_FAMILY = "1,2";
			};
			name = Debug;
		};
		4FD6C4921B754AF1002F9F90 /* Release */ = {
			isa = XCBuildConfiguration;
			buildSettings = {
				ALWAYS_SEARCH_USER_PATHS = NO;
				CLANG_CXX_LANGUAGE_STANDARD = "gnu++0x";
				CLANG_CXX_LIBRARY = "libc++";
				CLANG_ENABLE_MODULES = YES;
				CLANG_ENABLE_OBJC_ARC = YES;
				CLANG_WARN_BLOCK_CAPTURE_AUTORELEASING = YES;
				CLANG_WARN_BOOL_CONVERSION = YES;
				CLANG_WARN_COMMA = YES;
				CLANG_WARN_CONSTANT_CONVERSION = YES;
				CLANG_WARN_DIRECT_OBJC_ISA_USAGE = YES_ERROR;
				CLANG_WARN_EMPTY_BODY = YES;
				CLANG_WARN_ENUM_CONVERSION = YES;
				CLANG_WARN_INFINITE_RECURSION = YES;
				CLANG_WARN_INT_CONVERSION = YES;
				CLANG_WARN_NON_LITERAL_NULL_CONVERSION = YES;
				CLANG_WARN_OBJC_LITERAL_CONVERSION = YES;
				CLANG_WARN_OBJC_ROOT_CLASS = YES_ERROR;
				CLANG_WARN_RANGE_LOOP_ANALYSIS = YES;
				CLANG_WARN_STRICT_PROTOTYPES = YES;
				CLANG_WARN_SUSPICIOUS_MOVE = YES;
				CLANG_WARN_UNREACHABLE_CODE = YES;
				CLANG_WARN__DUPLICATE_METHOD_MATCH = YES;
				"CODE_SIGN_IDENTITY[sdk=iphoneos*]" = "iPhone Developer";
				COPY_PHASE_STRIP = NO;
				DEBUG_INFORMATION_FORMAT = "dwarf-with-dsym";
				EMBED_ASSET_PACKS_IN_PRODUCT_BUNDLE = NO;
				ENABLE_NS_ASSERTIONS = NO;
				ENABLE_STRICT_OBJC_MSGSEND = YES;
				GCC_C_LANGUAGE_STANDARD = gnu99;
				GCC_NO_COMMON_BLOCKS = YES;
				GCC_WARN_64_TO_32_BIT_CONVERSION = YES;
				GCC_WARN_ABOUT_RETURN_TYPE = YES_ERROR;
				GCC_WARN_UNDECLARED_SELECTOR = YES;
				GCC_WARN_UNINITIALIZED_AUTOS = YES_AGGRESSIVE;
				GCC_WARN_UNUSED_FUNCTION = YES;
				GCC_WARN_UNUSED_VARIABLE = YES;
				IPHONEOS_DEPLOYMENT_TARGET = 10.0;
				MTL_ENABLE_DEBUG_INFO = NO;
				SDKROOT = iphoneos;
				SWIFT_OPTIMIZATION_LEVEL = "-Owholemodule";
				TARGETED_DEVICE_FAMILY = "1,2";
				VALIDATE_PRODUCT = YES;
			};
			name = Release;
		};
		4FD6C4941B754AF1002F9F90 /* Debug */ = {
			isa = XCBuildConfiguration;
			baseConfigurationReference = 762732C14CFE40A989C3AD70 /* Pods-Authenticator.debug.xcconfig */;
			buildSettings = {
				ASSETCATALOG_COMPILER_APPICON_NAME = AuthAppIcon;
				ASSETCATALOG_COMPILER_LAUNCHIMAGE_NAME = LaunchImage;
				CODE_SIGN_ENTITLEMENTS = Authenticator/Authenticator.entitlements;
				"CODE_SIGN_IDENTITY[sdk=iphoneos*]" = "iPhone Developer";
				CODE_SIGN_STYLE = Automatic;
				DEVELOPMENT_TEAM = "";
				INFOPLIST_FILE = Authenticator/Info.plist;
				IPHONEOS_DEPLOYMENT_TARGET = 10.0;
				LD_RUNPATH_SEARCH_PATHS = "$(inherited) @executable_path/Frameworks";
				PRODUCT_BUNDLE_IDENTIFIER = com.salesforce.Authenticator;
				PRODUCT_NAME = "$(TARGET_NAME)";
				PROVISIONING_PROFILE_SPECIFIER = "";
				SWIFT_OBJC_BRIDGING_HEADER = "Authenticator/Bridging-Header.h";
				SWIFT_VERSION = 4.0;
			};
			name = Debug;
		};
		4FD6C4951B754AF1002F9F90 /* Release */ = {
			isa = XCBuildConfiguration;
			baseConfigurationReference = 045D1C5BC2F1EADFDFB3671E /* Pods-Authenticator.release.xcconfig */;
			buildSettings = {
				ASSETCATALOG_COMPILER_APPICON_NAME = AuthAppIcon;
				ASSETCATALOG_COMPILER_LAUNCHIMAGE_NAME = LaunchImage;
				CODE_SIGN_ENTITLEMENTS = Authenticator/Authenticator.entitlements;
				"CODE_SIGN_IDENTITY[sdk=iphoneos*]" = "iPhone Developer";
				CODE_SIGN_STYLE = Automatic;
				DEVELOPMENT_TEAM = "";
				INFOPLIST_FILE = Authenticator/Info.plist;
				IPHONEOS_DEPLOYMENT_TARGET = 10.0;
				LD_RUNPATH_SEARCH_PATHS = "$(inherited) @executable_path/Frameworks";
				PRODUCT_BUNDLE_IDENTIFIER = com.salesforce.Authenticator;
				PRODUCT_NAME = "$(TARGET_NAME)";
				PROVISIONING_PROFILE_SPECIFIER = "";
				SWIFT_OBJC_BRIDGING_HEADER = "Authenticator/Bridging-Header.h";
				SWIFT_VERSION = 4.0;
			};
			name = Release;
		};
/* End XCBuildConfiguration section */

/* Begin XCConfigurationList section */
		4FD6C46F1B754AF1002F9F90 /* Build configuration list for PBXProject "Authenticator" */ = {
			isa = XCConfigurationList;
			buildConfigurations = (
				4FD6C4911B754AF1002F9F90 /* Debug */,
				4FD6C4921B754AF1002F9F90 /* Release */,
			);
			defaultConfigurationIsVisible = 0;
			defaultConfigurationName = Release;
		};
		4FD6C4931B754AF1002F9F90 /* Build configuration list for PBXNativeTarget "Authenticator" */ = {
			isa = XCConfigurationList;
			buildConfigurations = (
				4FD6C4941B754AF1002F9F90 /* Debug */,
				4FD6C4951B754AF1002F9F90 /* Release */,
			);
			defaultConfigurationIsVisible = 0;
			defaultConfigurationName = Release;
		};
/* End XCConfigurationList section */
	};
	rootObject = 4FD6C46C1B754AF1002F9F90 /* Project object */;
}
