  /Users/wmathurin/Development/github/wmathurin/SalesforceMobileSDK-Templates/iOSNativeSwiftPackageManagerTemplate/iOSNativeSwiftPackageManagerTemplate.xcodeproj/xcshareddata/xcschemes:
  total used in directory 8 available 225.3 GiB
  drwxr-xr-x  3 wmathurin  staff    96 Oct 13 10:08 .
  drwxr-xr-x  3 wmathurin  staff    96 Oct 13 10:08 ..
  -rw-r--r--  1 wmathurin  staff  3377 Oct 13 10:08 iOSNativeSwiftTemplate.xcscheme
