// !$*UTF8*$!
{
	archiveVersion = 1;
	classes = {
	};
	objectVersion = 55;
	objects = {

/* Begin PBXBuildFile section */
		4FD6C47A1B754AF1002F9F90 /* AppDelegate.swift in Sources */ = {isa = PBXBuildFile; fileRef = 4FD6C4791B754AF1002F9F90 /* AppDelegate.swift */; };
		6900B64324B79DD200500923 /* ContactDetailViewModel.swift in Sources */ = {isa = PBXBuildFile; fileRef = 6900B64224B79DD200500923 /* ContactDetailViewModel.swift */; };
		6900D7F82438103000888336 /* ContactListViewModel.swift in Sources */ = {isa = PBXBuildFile; fileRef = 6900D7F72438103000888336 /* ContactListViewModel.swift */; };
		69143F102CA7AA2B0054FE32 /* Settings.swift in Sources */ = {isa = PBXBuildFile; fileRef = 69143F0E2CA7AA2B0054FE32 /* Settings.swift */; };
		69143F112CA7AA2B0054FE32 /* Tabs.swift in Sources */ = {isa = PBXBuildFile; fileRef = 69143F0F2CA7AA2B0054FE32 /* Tabs.swift */; };
		69143F142CAB8A4E0054FE32 /* SettingsViewModel.swift in Sources */ = {isa = PBXBuildFile; fileRef = 69143F132CAB8A470054FE32 /* SettingsViewModel.swift */; };
		69143F1A2CACBF980054FE32 /* AlertViewModel.swift in Sources */ = {isa = PBXBuildFile; fileRef = 69143F192CACBF910054FE32 /* AlertViewModel.swift */; };
		69143F1C2CACBFFC0054FE32 /* StatusAlertView.swift in Sources */ = {isa = PBXBuildFile; fileRef = 69143F1B2CACBFF80054FE32 /* StatusAlertView.swift */; };
		6967D6ED24806EBB001B0046 /* NotificationListModel.swift in Sources */ = {isa = PBXBuildFile; fileRef = 6967D6EC24806EBB001B0046 /* NotificationListModel.swift */; };
		69B257B1240DABAF00CBCF1A /* ContactDetail.swift in Sources */ = {isa = PBXBuildFile; fileRef = 69B257B0240DABAF00CBCF1A /* ContactDetail.swift */; };
		69B48C342AD4ED440026AEC6 /* PrivacyInfo.xcprivacy in Resources */ = {isa = PBXBuildFile; fileRef = 69B48C332AD4ED440026AEC6 /* PrivacyInfo.xcprivacy */; };
		69BC2FF024B4437E0091658C /* NotificationList.swift in Sources */ = {isa = PBXBuildFile; fileRef = 69BC2FEF24B4437E0091658C /* NotificationList.swift */; };
		69C5451727ACF67700864C01 /* ContactHelpers.swift in Sources */ = {isa = PBXBuildFile; fileRef = B76D656C20B3323A00B55764 /* ContactHelpers.swift */; };
		69C5451827ACF68C00864C01 /* Constants.swift in Sources */ = {isa = PBXBuildFile; fileRef = B76D656920B3323A00B55764 /* Constants.swift */; };
		69CDE97325CE6B510025C3FC /* SceneDelegate.swift in Sources */ = {isa = PBXBuildFile; fileRef = 69CDE97225CE6B510025C3FC /* SceneDelegate.swift */; };
		69D6B29727AA5E3A008902E0 /* WidgetKit.framework in Frameworks */ = {isa = PBXBuildFile; fileRef = 69D6B29627AA5E3A008902E0 /* WidgetKit.framework */; };
		69D6B29927AA5E3A008902E0 /* SwiftUI.framework in Frameworks */ = {isa = PBXBuildFile; fileRef = 69D6B29827AA5E3A008902E0 /* SwiftUI.framework */; };
		69D6B29C27AA5E3A008902E0 /* RecentContactsWidget.swift in Sources */ = {isa = PBXBuildFile; fileRef = 69D6B29B27AA5E3A008902E0 /* RecentContactsWidget.swift */; };
		69D6B29E27AA5E3C008902E0 /* Assets.xcassets in Resources */ = {isa = PBXBuildFile; fileRef = 69D6B29D27AA5E3C008902E0 /* Assets.xcassets */; };
		69D6B2A227AA5E3C008902E0 /* RecentContactsExtension.appex in Embed App Extensions */ = {isa = PBXBuildFile; fileRef = 69D6B29527AA5E3A008902E0 /* RecentContactsExtension.appex */; platformFilters = (ios, maccatalyst, ); settings = {ATTRIBUTES = (RemoveHeadersOnCopy, ); }; };
		69D6B2AD27AA6030008902E0 /* RecentContacts.swift in Sources */ = {isa = PBXBuildFile; fileRef = 69D6B2AC27AA6030008902E0 /* RecentContacts.swift */; };
		69D6B2AE27AA606E008902E0 /* RecentContacts.swift in Sources */ = {isa = PBXBuildFile; fileRef = 69D6B2AC27AA6030008902E0 /* RecentContacts.swift */; };
		69E6BCE32409CB8700FB1FD4 /* ContactList.swift in Sources */ = {isa = PBXBuildFile; fileRef = 69E6BCE22409CB8700FB1FD4 /* ContactList.swift */; };
		B7168FBC1FACC6F900A48DB5 /* LaunchScreen.storyboard in Resources */ = {isa = PBXBuildFile; fileRef = B7168FBB1FACC6F900A48DB5 /* LaunchScreen.storyboard */; };
		B767370220AB57C600F04103 /* userstore.json in Resources */ = {isa = PBXBuildFile; fileRef = B767370020AB57C600F04103 /* userstore.json */; };
		B767370320AB57C600F04103 /* usersyncs.json in Resources */ = {isa = PBXBuildFile; fileRef = B767370120AB57C600F04103 /* usersyncs.json */; };
		B767370D20AB611500F04103 /* SObjects.swift in Sources */ = {isa = PBXBuildFile; fileRef = B767370C20AB611500F04103 /* SObjects.swift */; };
		B76D655C20B3314A00B55764 /* Assets.xcassets in Resources */ = {isa = PBXBuildFile; fileRef = B76D655B20B3314A00B55764 /* Assets.xcassets */; };
		B76D656620B3322B00B55764 /* InitialViewController.swift in Sources */ = {isa = PBXBuildFile; fileRef = B76D656120B3322B00B55764 /* InitialViewController.swift */; };
		B76D656D20B3323A00B55764 /* Constants.swift in Sources */ = {isa = PBXBuildFile; fileRef = B76D656920B3323A00B55764 /* Constants.swift */; };
		B76D656F20B3323A00B55764 /* Color+helper.swift in Sources */ = {isa = PBXBuildFile; fileRef = B76D656B20B3323A00B55764 /* Color+helper.swift */; };
		B76D657020B3323A00B55764 /* ContactHelpers.swift in Sources */ = {isa = PBXBuildFile; fileRef = B76D656C20B3323A00B55764 /* ContactHelpers.swift */; };
		B76D65DD20B4A0C900B55764 /* Contacts.swift in Sources */ = {isa = PBXBuildFile; fileRef = B76D65DC20B4A0C900B55764 /* Contacts.swift */; };
		B77BD8A7211354D00036B284 /* bootconfig.plist in Resources */ = {isa = PBXBuildFile; fileRef = B77BD8A6211354D00036B284 /* bootconfig.plist */; };
		C7FC7AEF90416C23CEFC990B /* Pods_RecentContactsExtension.framework in Frameworks */ = {isa = PBXBuildFile; fileRef = 79C177AF32A4BB534B3A6438 /* Pods_RecentContactsExtension.framework */; };
		CEA8CA041F071B2300448B51 /* Images.xcassets in Resources */ = {isa = PBXBuildFile; fileRef = CEA8CA031F071B2300448B51 /* Images.xcassets */; };
		F6A2681CF28CE6BFDB2A5763 /* Pods_MobileSyncExplorerSwift.framework in Frameworks */ = {isa = PBXBuildFile; fileRef = C05354ED5BE0D1ECB0BBCF88 /* Pods_MobileSyncExplorerSwift.framework */; };
/* End PBXBuildFile section */

/* Begin PBXContainerItemProxy section */
		69D6B2A027AA5E3C008902E0 /* PBXContainerItemProxy */ = {
			isa = PBXContainerItemProxy;
			containerPortal = 4FD6C46C1B754AF1002F9F90 /* Project object */;
			proxyType = 1;
			remoteGlobalIDString = 69D6B29427AA5E3A008902E0;
			remoteInfo = RecentContactsExtension;
		};
/* End PBXContainerItemProxy section */

/* Begin PBXCopyFilesBuildPhase section */
		69D6B2A427AA5E3C008902E0 /* Embed App Extensions */ = {
			isa = PBXCopyFilesBuildPhase;
			buildActionMask = 2147483647;
			dstPath = "";
			dstSubfolderSpec = 13;
			files = (
				69D6B2A227AA5E3C008902E0 /* RecentContactsExtension.appex in Embed App Extensions */,
			);
			name = "Embed App Extensions";
			runOnlyForDeploymentPostprocessing = 0;
		};
/* End PBXCopyFilesBuildPhase section */

/* Begin PBXFileReference section */
		045D1C5BC2F1EADFDFB3671E /* Pods-MobileSyncExplorerSwift.release.xcconfig */ = {isa = PBXFileReference; includeInIndex = 1; lastKnownFileType = text.xcconfig; name = "Pods-MobileSyncExplorerSwift.release.xcconfig"; path = "Pods/Target Support Files/Pods-MobileSyncExplorerSwift/Pods-MobileSyncExplorerSwift.release.xcconfig"; sourceTree = "<group>"; };
		4FD6C4741B754AF1002F9F90 /* MobileSyncExplorerSwift.app */ = {isa = PBXFileReference; explicitFileType = wrapper.application; includeInIndex = 0; path = MobileSyncExplorerSwift.app; sourceTree = BUILT_PRODUCTS_DIR; };
		4FD6C4781B754AF1002F9F90 /* Info.plist */ = {isa = PBXFileReference; lastKnownFileType = text.plist.xml; path = Info.plist; sourceTree = "<group>"; };
		4FD6C4791B754AF1002F9F90 /* AppDelegate.swift */ = {isa = PBXFileReference; lastKnownFileType = sourcecode.swift; path = AppDelegate.swift; sourceTree = "<group>"; };
		4FD6C49A1B755242002F9F90 /* Bridging-Header.h */ = {isa = PBXFileReference; fileEncoding = 4; lastKnownFileType = sourcecode.c.h; path = "Bridging-Header.h"; sourceTree = "<group>"; };
		4FF12F8A1DCA91F5004D9EF9 /* MobileSyncExplorerSwift.entitlements */ = {isa = PBXFileReference; lastKnownFileType = text.plist.entitlements; path = MobileSyncExplorerSwift.entitlements; sourceTree = "<group>"; };
		6900B64224B79DD200500923 /* ContactDetailViewModel.swift */ = {isa = PBXFileReference; lastKnownFileType = sourcecode.swift; path = ContactDetailViewModel.swift; sourceTree = "<group>"; };
		6900D7F72438103000888336 /* ContactListViewModel.swift */ = {isa = PBXFileReference; lastKnownFileType = sourcecode.swift; path = ContactListViewModel.swift; sourceTree = "<group>"; };
		69143F0E2CA7AA2B0054FE32 /* Settings.swift */ = {isa = PBXFileReference; lastKnownFileType = sourcecode.swift; path = Settings.swift; sourceTree = "<group>"; };
		69143F0F2CA7AA2B0054FE32 /* Tabs.swift */ = {isa = PBXFileReference; lastKnownFileType = sourcecode.swift; path = Tabs.swift; sourceTree = "<group>"; };
		69143F132CAB8A470054FE32 /* SettingsViewModel.swift */ = {isa = PBXFileReference; lastKnownFileType = sourcecode.swift; path = SettingsViewModel.swift; sourceTree = "<group>"; };
		69143F192CACBF910054FE32 /* AlertViewModel.swift */ = {isa = PBXFileReference; lastKnownFileType = sourcecode.swift; path = AlertViewModel.swift; sourceTree = "<group>"; };
		69143F1B2CACBFF80054FE32 /* StatusAlertView.swift */ = {isa = PBXFileReference; lastKnownFileType = sourcecode.swift; path = StatusAlertView.swift; sourceTree = "<group>"; };
		6967D6EC24806EBB001B0046 /* NotificationListModel.swift */ = {isa = PBXFileReference; lastKnownFileType = sourcecode.swift; path = NotificationListModel.swift; sourceTree = "<group>"; };
		69B257B0240DABAF00CBCF1A /* ContactDetail.swift */ = {isa = PBXFileReference; lastKnownFileType = sourcecode.swift; path = ContactDetail.swift; sourceTree = "<group>"; };
		69B48C332AD4ED440026AEC6 /* PrivacyInfo.xcprivacy */ = {isa = PBXFileReference; fileEncoding = 4; lastKnownFileType = text.xml; path = PrivacyInfo.xcprivacy; sourceTree = "<group>"; };
		69BC2FEF24B4437E0091658C /* NotificationList.swift */ = {isa = PBXFileReference; lastKnownFileType = sourcecode.swift; path = NotificationList.swift; sourceTree = "<group>"; };
		69CDE97225CE6B510025C3FC /* SceneDelegate.swift */ = {isa = PBXFileReference; lastKnownFileType = sourcecode.swift; path = SceneDelegate.swift; sourceTree = "<group>"; };
		69D6B29527AA5E3A008902E0 /* RecentContactsExtension.appex */ = {isa = PBXFileReference; explicitFileType = "wrapper.app-extension"; includeInIndex = 0; path = RecentContactsExtension.appex; sourceTree = BUILT_PRODUCTS_DIR; };
		69D6B29627AA5E3A008902E0 /* WidgetKit.framework */ = {isa = PBXFileReference; lastKnownFileType = wrapper.framework; name = WidgetKit.framework; path = System/Library/Frameworks/WidgetKit.framework; sourceTree = SDKROOT; };
		69D6B29827AA5E3A008902E0 /* SwiftUI.framework */ = {isa = PBXFileReference; lastKnownFileType = wrapper.framework; name = SwiftUI.framework; path = System/Library/Frameworks/SwiftUI.framework; sourceTree = SDKROOT; };
		69D6B29B27AA5E3A008902E0 /* RecentContactsWidget.swift */ = {isa = PBXFileReference; lastKnownFileType = sourcecode.swift; path = RecentContactsWidget.swift; sourceTree = "<group>"; };
		69D6B29D27AA5E3C008902E0 /* Assets.xcassets */ = {isa = PBXFileReference; lastKnownFileType = folder.assetcatalog; path = Assets.xcassets; sourceTree = "<group>"; };
		69D6B29F27AA5E3C008902E0 /* Info.plist */ = {isa = PBXFileReference; lastKnownFileType = text.plist.xml; path = Info.plist; sourceTree = "<group>"; };
		69D6B2A327AA5E3C008902E0 /* RecentContactsExtension.entitlements */ = {isa = PBXFileReference; lastKnownFileType = text.plist.entitlements; path = RecentContactsExtension.entitlements; sourceTree = "<group>"; };
		69D6B2AC27AA6030008902E0 /* RecentContacts.swift */ = {isa = PBXFileReference; lastKnownFileType = sourcecode.swift; path = RecentContacts.swift; sourceTree = "<group>"; };
		69E6BCE22409CB8700FB1FD4 /* ContactList.swift */ = {isa = PBXFileReference; lastKnownFileType = sourcecode.swift; path = ContactList.swift; sourceTree = "<group>"; };
		7371B56DCABF9CC3355B16B3 /* Pods-RecentContactsExtension.release.xcconfig */ = {isa = PBXFileReference; includeInIndex = 1; lastKnownFileType = text.xcconfig; name = "Pods-RecentContactsExtension.release.xcconfig"; path = "Pods/Target Support Files/Pods-RecentContactsExtension/Pods-RecentContactsExtension.release.xcconfig"; sourceTree = "<group>"; };
		762732C14CFE40A989C3AD70 /* Pods-MobileSyncExplorerSwift.debug.xcconfig */ = {isa = PBXFileReference; includeInIndex = 1; lastKnownFileType = text.xcconfig; name = "Pods-MobileSyncExplorerSwift.debug.xcconfig"; path = "Pods/Target Support Files/Pods-MobileSyncExplorerSwift/Pods-MobileSyncExplorerSwift.debug.xcconfig"; sourceTree = "<group>"; };
		79C177AF32A4BB534B3A6438 /* Pods_RecentContactsExtension.framework */ = {isa = PBXFileReference; explicitFileType = wrapper.framework; includeInIndex = 0; path = Pods_RecentContactsExtension.framework; sourceTree = BUILT_PRODUCTS_DIR; };
		B19B1AC528A3876A1F65FD64 /* Pods-RecentContactsExtension.debug.xcconfig */ = {isa = PBXFileReference; includeInIndex = 1; lastKnownFileType = text.xcconfig; name = "Pods-RecentContactsExtension.debug.xcconfig"; path = "Pods/Target Support Files/Pods-RecentContactsExtension/Pods-RecentContactsExtension.debug.xcconfig"; sourceTree = "<group>"; };
		B7168FBB1FACC6F900A48DB5 /* LaunchScreen.storyboard */ = {isa = PBXFileReference; fileEncoding = 4; lastKnownFileType = file.storyboard; name = LaunchScreen.storyboard; path = "../mobile_sdk/SalesforceMobileSDK-iOS/shared/resources/LaunchScreen.storyboard"; sourceTree = "<group>"; };
		B767370020AB57C600F04103 /* userstore.json */ = {isa = PBXFileReference; fileEncoding = 4; lastKnownFileType = text.json; path = userstore.json; sourceTree = "<group>"; };
		B767370120AB57C600F04103 /* usersyncs.json */ = {isa = PBXFileReference; fileEncoding = 4; lastKnownFileType = text.json; path = usersyncs.json; sourceTree = "<group>"; };
		B767370C20AB611500F04103 /* SObjects.swift */ = {isa = PBXFileReference; lastKnownFileType = sourcecode.swift; path = SObjects.swift; sourceTree = "<group>"; };
		B76D655B20B3314A00B55764 /* Assets.xcassets */ = {isa = PBXFileReference; lastKnownFileType = folder.assetcatalog; path = Assets.xcassets; sourceTree = "<group>"; };
		B76D656120B3322B00B55764 /* InitialViewController.swift */ = {isa = PBXFileReference; fileEncoding = 4; lastKnownFileType = sourcecode.swift; path = InitialViewController.swift; sourceTree = "<group>"; };
		B76D656920B3323A00B55764 /* Constants.swift */ = {isa = PBXFileReference; fileEncoding = 4; lastKnownFileType = sourcecode.swift; path = Constants.swift; sourceTree = "<group>"; };
		B76D656B20B3323A00B55764 /* Color+helper.swift */ = {isa = PBXFileReference; fileEncoding = 4; lastKnownFileType = sourcecode.swift; path = "Color+helper.swift"; sourceTree = "<group>"; };
		B76D656C20B3323A00B55764 /* ContactHelpers.swift */ = {isa = PBXFileReference; fileEncoding = 4; lastKnownFileType = sourcecode.swift; path = ContactHelpers.swift; sourceTree = "<group>"; };
		B76D65DC20B4A0C900B55764 /* Contacts.swift */ = {isa = PBXFileReference; lastKnownFileType = sourcecode.swift; path = Contacts.swift; sourceTree = "<group>"; };
		B77BD8A6211354D00036B284 /* bootconfig.plist */ = {isa = PBXFileReference; fileEncoding = 4; lastKnownFileType = text.plist.xml; path = bootconfig.plist; sourceTree = "<group>"; };
		C05354ED5BE0D1ECB0BBCF88 /* Pods_MobileSyncExplorerSwift.framework */ = {isa = PBXFileReference; explicitFileType = wrapper.framework; includeInIndex = 0; path = Pods_MobileSyncExplorerSwift.framework; sourceTree = BUILT_PRODUCTS_DIR; };
		CEA8CA031F071B2300448B51 /* Images.xcassets */ = {isa = PBXFileReference; lastKnownFileType = folder.assetcatalog; name = Images.xcassets; path = "mobile_sdk/SalesforceMobileSDK-iOS/shared/resources/Images.xcassets"; sourceTree = SOURCE_ROOT; };
/* End PBXFileReference section */

/* Begin PBXFrameworksBuildPhase section */
		4FD6C4711B754AF1002F9F90 /* Frameworks */ = {
			isa = PBXFrameworksBuildPhase;
			buildActionMask = 2147483647;
			files = (
				F6A2681CF28CE6BFDB2A5763 /* Pods_MobileSyncExplorerSwift.framework in Frameworks */,
			);
			runOnlyForDeploymentPostprocessing = 0;
		};
		69D6B29227AA5E3A008902E0 /* Frameworks */ = {
			isa = PBXFrameworksBuildPhase;
			buildActionMask = 2147483647;
			files = (
				69D6B29927AA5E3A008902E0 /* SwiftUI.framework in Frameworks */,
				69D6B29727AA5E3A008902E0 /* WidgetKit.framework in Frameworks */,
				C7FC7AEF90416C23CEFC990B /* Pods_RecentContactsExtension.framework in Frameworks */,
			);
			runOnlyForDeploymentPostprocessing = 0;
		};
/* End PBXFrameworksBuildPhase section */

/* Begin PBXGroup section */
		4FD6C46B1B754AF1002F9F90 = {
			isa = PBXGroup;
			children = (
				69D6B2A327AA5E3C008902E0 /* RecentContactsExtension.entitlements */,
				4FD6C4761B754AF1002F9F90 /* MobileSyncExplorerSwift */,
				69D6B29A27AA5E3A008902E0 /* RecentContacts */,
				4FD6C4751B754AF1002F9F90 /* Products */,
				DDFDDF0A29E4BDD114B51BBC /* Pods */,
				6B868AEB1ACA7FCA4636C7F7 /* Frameworks */,
			);
			sourceTree = "<group>";
		};
		4FD6C4751B754AF1002F9F90 /* Products */ = {
			isa = PBXGroup;
			children = (
				4FD6C4741B754AF1002F9F90 /* MobileSyncExplorerSwift.app */,
				69D6B29527AA5E3A008902E0 /* RecentContactsExtension.appex */,
			);
			name = Products;
			sourceTree = "<group>";
		};
		4FD6C4761B754AF1002F9F90 /* MobileSyncExplorerSwift */ = {
			isa = PBXGroup;
			children = (
				B76D65DF20B4AECF00B55764 /* Resources */,
				4FF12F8A1DCA91F5004D9EF9 /* MobileSyncExplorerSwift.entitlements */,
				4FD6C4A11B755265002F9F90 /* Classes */,
				4FD6C4771B754AF1002F9F90 /* Supporting Files */,
			);
			path = MobileSyncExplorerSwift;
			sourceTree = "<group>";
		};
		4FD6C4771B754AF1002F9F90 /* Supporting Files */ = {
			isa = PBXGroup;
			children = (
				69B48C332AD4ED440026AEC6 /* PrivacyInfo.xcprivacy */,
				B7168FBB1FACC6F900A48DB5 /* LaunchScreen.storyboard */,
				CEA8CA031F071B2300448B51 /* Images.xcassets */,
				4FD6C4781B754AF1002F9F90 /* Info.plist */,
			);
			name = "Supporting Files";
			sourceTree = "<group>";
		};
		4FD6C4A11B755265002F9F90 /* Classes */ = {
			isa = PBXGroup;
			children = (
				69143F1D2CACC0190054FE32 /* UI */,
				B76D656820B3323A00B55764 /* Helpers */,
				B767370B20AB60B300F04103 /* SObjects */,
				4FD6C49A1B755242002F9F90 /* Bridging-Header.h */,
				4FD6C4791B754AF1002F9F90 /* AppDelegate.swift */,
				69CDE97225CE6B510025C3FC /* SceneDelegate.swift */,
			);
			name = Classes;
			sourceTree = "<group>";
		};
		69143F122CAB8A3C0054FE32 /* Settings */ = {
			isa = PBXGroup;
			children = (
				69143F132CAB8A470054FE32 /* SettingsViewModel.swift */,
				69143F0E2CA7AA2B0054FE32 /* Settings.swift */,
			);
			path = Settings;
			sourceTree = "<group>";
		};
		69143F152CAB8B290054FE32 /* ContactList */ = {
			isa = PBXGroup;
			children = (
				6900D7F72438103000888336 /* ContactListViewModel.swift */,
				69E6BCE22409CB8700FB1FD4 /* ContactList.swift */,
			);
			path = ContactList;
			sourceTree = "<group>";
		};
		69143F162CAB8B410054FE32 /* ContactDetail */ = {
			isa = PBXGroup;
			children = (
				69B257B0240DABAF00CBCF1A /* ContactDetail.swift */,
				6900B64224B79DD200500923 /* ContactDetailViewModel.swift */,
			);
			path = ContactDetail;
			sourceTree = "<group>";
		};
		69143F172CAB8BDD0054FE32 /* Notifications */ = {
			isa = PBXGroup;
			children = (
				6967D6EC24806EBB001B0046 /* NotificationListModel.swift */,
				69BC2FEF24B4437E0091658C /* NotificationList.swift */,
			);
			path = Notifications;
			sourceTree = "<group>";
		};
		69143F182CACBF710054FE32 /* StatusAlert */ = {
			isa = PBXGroup;
			children = (
				69143F1B2CACBFF80054FE32 /* StatusAlertView.swift */,
				69143F192CACBF910054FE32 /* AlertViewModel.swift */,
			);
			path = StatusAlert;
			sourceTree = "<group>";
		};
		69143F1D2CACC0190054FE32 /* UI */ = {
			isa = PBXGroup;
			children = (
				B76D656120B3322B00B55764 /* InitialViewController.swift */,
				69143F0F2CA7AA2B0054FE32 /* Tabs.swift */,
				69143F182CACBF710054FE32 /* StatusAlert */,
				69143F172CAB8BDD0054FE32 /* Notifications */,
				69143F162CAB8B410054FE32 /* ContactDetail */,
				69143F152CAB8B290054FE32 /* ContactList */,
				69143F122CAB8A3C0054FE32 /* Settings */,
			);
			path = UI;
			sourceTree = "<group>";
		};
		69D6B29A27AA5E3A008902E0 /* RecentContacts */ = {
			isa = PBXGroup;
			children = (
				69D6B29B27AA5E3A008902E0 /* RecentContactsWidget.swift */,
				69D6B29D27AA5E3C008902E0 /* Assets.xcassets */,
				69D6B29F27AA5E3C008902E0 /* Info.plist */,
				69D6B2AC27AA6030008902E0 /* RecentContacts.swift */,
			);
			path = RecentContacts;
			sourceTree = "<group>";
		};
		6B868AEB1ACA7FCA4636C7F7 /* Frameworks */ = {
			isa = PBXGroup;
			children = (
				69D6B29627AA5E3A008902E0 /* WidgetKit.framework */,
				69D6B29827AA5E3A008902E0 /* SwiftUI.framework */,
				C05354ED5BE0D1ECB0BBCF88 /* Pods_MobileSyncExplorerSwift.framework */,
				79C177AF32A4BB534B3A6438 /* Pods_RecentContactsExtension.framework */,
			);
			name = Frameworks;
			sourceTree = "<group>";
		};
		B767370B20AB60B300F04103 /* SObjects */ = {
			isa = PBXGroup;
			children = (
				B767370C20AB611500F04103 /* SObjects.swift */,
				B76D65DC20B4A0C900B55764 /* Contacts.swift */,
			);
			path = SObjects;
			sourceTree = "<group>";
		};
		B76D656820B3323A00B55764 /* Helpers */ = {
			isa = PBXGroup;
			children = (
				B76D656920B3323A00B55764 /* Constants.swift */,
				B76D656B20B3323A00B55764 /* Color+helper.swift */,
				B76D656C20B3323A00B55764 /* ContactHelpers.swift */,
			);
			path = Helpers;
			sourceTree = "<group>";
		};
		B76D65DF20B4AECF00B55764 /* Resources */ = {
			isa = PBXGroup;
			children = (
				B77BD8A6211354D00036B284 /* bootconfig.plist */,
				B767370020AB57C600F04103 /* userstore.json */,
				B767370120AB57C600F04103 /* usersyncs.json */,
				B76D655B20B3314A00B55764 /* Assets.xcassets */,
			);
			path = Resources;
			sourceTree = "<group>";
		};
		DDFDDF0A29E4BDD114B51BBC /* Pods */ = {
			isa = PBXGroup;
			children = (
				762732C14CFE40A989C3AD70 /* Pods-MobileSyncExplorerSwift.debug.xcconfig */,
				045D1C5BC2F1EADFDFB3671E /* Pods-MobileSyncExplorerSwift.release.xcconfig */,
				B19B1AC528A3876A1F65FD64 /* Pods-RecentContactsExtension.debug.xcconfig */,
				7371B56DCABF9CC3355B16B3 /* Pods-RecentContactsExtension.release.xcconfig */,
			);
			name = Pods;
			sourceTree = "<group>";
		};
/* End PBXGroup section */

/* Begin PBXNativeTarget section */
		4FD6C4731B754AF1002F9F90 /* MobileSyncExplorerSwift */ = {
			isa = PBXNativeTarget;
			buildConfigurationList = 4FD6C4931B754AF1002F9F90 /* Build configuration list for PBXNativeTarget "MobileSyncExplorerSwift" */;
			buildPhases = (
				FF74F0F7AF3E58C14EBE5178 /* [CP] Check Pods Manifest.lock */,
				4FD6C4701B754AF1002F9F90 /* Sources */,
				4FD6C4711B754AF1002F9F90 /* Frameworks */,
				4FD6C4721B754AF1002F9F90 /* Resources */,
				7056FC8D1D194E5113988767 /* [CP] Embed Pods Frameworks */,
				69D6B2A427AA5E3C008902E0 /* Embed App Extensions */,
			);
			buildRules = (
			);
			dependencies = (
				69D6B2A127AA5E3C008902E0 /* PBXTargetDependency */,
			);
			name = MobileSyncExplorerSwift;
			productName = MobileSyncExplorerSwift;
			productReference = 4FD6C4741B754AF1002F9F90 /* MobileSyncExplorerSwift.app */;
			productType = "com.apple.product-type.application";
		};
		69D6B29427AA5E3A008902E0 /* RecentContactsExtension */ = {
			isa = PBXNativeTarget;
			buildConfigurationList = 69D6B2A727AA5E3C008902E0 /* Build configuration list for PBXNativeTarget "RecentContactsExtension" */;
			buildPhases = (
				A96F4DD12A7F43F3389C814B /* [CP] Check Pods Manifest.lock */,
				69D6B29127AA5E3A008902E0 /* Sources */,
				69D6B29227AA5E3A008902E0 /* Frameworks */,
				69D6B29327AA5E3A008902E0 /* Resources */,
			);
			buildRules = (
			);
			dependencies = (
			);
			name = RecentContactsExtension;
			productName = RecentContactsExtension;
			productReference = 69D6B29527AA5E3A008902E0 /* RecentContactsExtension.appex */;
			productType = "com.apple.product-type.app-extension";
		};
/* End PBXNativeTarget section */

/* Begin PBXProject section */
		4FD6C46C1B754AF1002F9F90 /* Project object */ = {
			isa = PBXProject;
			attributes = {
				LastSwiftUpdateCheck = 1320;
				LastUpgradeCheck = 1020;
				ORGANIZATIONNAME = MobileSyncExplorerSwiftOrganizationName;
				TargetAttributes = {
					4FD6C4731B754AF1002F9F90 = {
						CreatedOnToolsVersion = 6.4;
						LastSwiftMigration = 1020;
						SystemCapabilities = {
							com.apple.Keychain = {
								enabled = 1;
							};
						};
					};
					69D6B29427AA5E3A008902E0 = {
						CreatedOnToolsVersion = 13.2.1;
					};
				};
			};
			buildConfigurationList = 4FD6C46F1B754AF1002F9F90 /* Build configuration list for PBXProject "MobileSyncExplorerSwift" */;
			compatibilityVersion = "Xcode 10.0";
			developmentRegion = en;
			hasScannedForEncodings = 0;
			knownRegions = (
				en,
				Base,
			);
			mainGroup = 4FD6C46B1B754AF1002F9F90;
			productRefGroup = 4FD6C4751B754AF1002F9F90 /* Products */;
			projectDirPath = "";
			projectRoot = "";
			targets = (
				4FD6C4731B754AF1002F9F90 /* MobileSyncExplorerSwift */,
				69D6B29427AA5E3A008902E0 /* RecentContactsExtension */,
			);
		};
/* End PBXProject section */

/* Begin PBXResourcesBuildPhase section */
		4FD6C4721B754AF1002F9F90 /* Resources */ = {
			isa = PBXResourcesBuildPhase;
			buildActionMask = 2147483647;
			files = (
				B77BD8A7211354D00036B284 /* bootconfig.plist in Resources */,
				69B48C342AD4ED440026AEC6 /* PrivacyInfo.xcprivacy in Resources */,
				CEA8CA041F071B2300448B51 /* Images.xcassets in Resources */,
				B7168FBC1FACC6F900A48DB5 /* LaunchScreen.storyboard in Resources */,
				B767370220AB57C600F04103 /* userstore.json in Resources */,
				B767370320AB57C600F04103 /* usersyncs.json in Resources */,
				B76D655C20B3314A00B55764 /* Assets.xcassets in Resources */,
			);
			runOnlyForDeploymentPostprocessing = 0;
		};
		69D6B29327AA5E3A008902E0 /* Resources */ = {
			isa = PBXResourcesBuildPhase;
			buildActionMask = 2147483647;
			files = (
				69D6B29E27AA5E3C008902E0 /* Assets.xcassets in Resources */,
			);
			runOnlyForDeploymentPostprocessing = 0;
		};
/* End PBXResourcesBuildPhase section */

/* Begin PBXShellScriptBuildPhase section */
		7056FC8D1D194E5113988767 /* [CP] Embed Pods Frameworks */ = {
			isa = PBXShellScriptBuildPhase;
			buildActionMask = 2147483647;
			files = (
			);
			inputFileListPaths = (
				"${PODS_ROOT}/Target Support Files/Pods-MobileSyncExplorerSwift/Pods-MobileSyncExplorerSwift-frameworks-${CONFIGURATION}-input-files.xcfilelist",
			);
			name = "[CP] Embed Pods Frameworks";
			outputFileListPaths = (
				"${PODS_ROOT}/Target Support Files/Pods-MobileSyncExplorerSwift/Pods-MobileSyncExplorerSwift-frameworks-${CONFIGURATION}-output-files.xcfilelist",
			);
			runOnlyForDeploymentPostprocessing = 0;
			shellPath = /bin/sh;
			shellScript = "\"${PODS_ROOT}/Target Support Files/Pods-MobileSyncExplorerSwift/Pods-MobileSyncExplorerSwift-frameworks.sh\"\n";
			showEnvVarsInLog = 0;
		};
		A96F4DD12A7F43F3389C814B /* [CP] Check Pods Manifest.lock */ = {
			isa = PBXShellScriptBuildPhase;
			buildActionMask = 2147483647;
			files = (
			);
			inputFileListPaths = (
			);
			inputPaths = (
				"${PODS_PODFILE_DIR_PATH}/Podfile.lock",
				"${PODS_ROOT}/Manifest.lock",
			);
			name = "[CP] Check Pods Manifest.lock";
			outputFileListPaths = (
			);
			outputPaths = (
				"$(DERIVED_FILE_DIR)/Pods-RecentContactsExtension-checkManifestLockResult.txt",
			);
			runOnlyForDeploymentPostprocessing = 0;
			shellPath = /bin/sh;
			shellScript = "diff \"${PODS_PODFILE_DIR_PATH}/Podfile.lock\" \"${PODS_ROOT}/Manifest.lock\" > /dev/null\nif [ $? != 0 ] ; then\n    # print error to STDERR\n    echo \"error: The sandbox is not in sync with the Podfile.lock. Run 'pod install' or update your CocoaPods installation.\" >&2\n    exit 1\nfi\n# This output is used by Xcode 'outputs' to avoid re-running this script phase.\necho \"SUCCESS\" > \"${SCRIPT_OUTPUT_FILE_0}\"\n";
			showEnvVarsInLog = 0;
		};
		FF74F0F7AF3E58C14EBE5178 /* [CP] Check Pods Manifest.lock */ = {
			isa = PBXShellScriptBuildPhase;
			buildActionMask = 2147483647;
			files = (
			);
			inputPaths = (
				"${PODS_PODFILE_DIR_PATH}/Podfile.lock",
				"${PODS_ROOT}/Manifest.lock",
			);
			name = "[CP] Check Pods Manifest.lock";
			outputPaths = (
				"$(DERIVED_FILE_DIR)/Pods-MobileSyncExplorerSwift-checkManifestLockResult.txt",
			);
			runOnlyForDeploymentPostprocessing = 0;
			shellPath = /bin/sh;
			shellScript = "diff \"${PODS_PODFILE_DIR_PATH}/Podfile.lock\" \"${PODS_ROOT}/Manifest.lock\" > /dev/null\nif [ $? != 0 ] ; then\n    # print error to STDERR\n    echo \"error: The sandbox is not in sync with the Podfile.lock. Run 'pod install' or update your CocoaPods installation.\" >&2\n    exit 1\nfi\n# This output is used by Xcode 'outputs' to avoid re-running this script phase.\necho \"SUCCESS\" > \"${SCRIPT_OUTPUT_FILE_0}\"\n";
			showEnvVarsInLog = 0;
		};
/* End PBXShellScriptBuildPhase section */

/* Begin PBXSourcesBuildPhase section */
		4FD6C4701B754AF1002F9F90 /* Sources */ = {
			isa = PBXSourcesBuildPhase;
			buildActionMask = 2147483647;
			files = (
				69E6BCE32409CB8700FB1FD4 /* ContactList.swift in Sources */,
				B76D656620B3322B00B55764 /* InitialViewController.swift in Sources */,
				4FD6C47A1B754AF1002F9F90 /* AppDelegate.swift in Sources */,
				B76D65DD20B4A0C900B55764 /* Contacts.swift in Sources */,
				B767370D20AB611500F04103 /* SObjects.swift in Sources */,
				69143F142CAB8A4E0054FE32 /* SettingsViewModel.swift in Sources */,
				69BC2FF024B4437E0091658C /* NotificationList.swift in Sources */,
				69CDE97325CE6B510025C3FC /* SceneDelegate.swift in Sources */,
				69143F102CA7AA2B0054FE32 /* Settings.swift in Sources */,
				69143F112CA7AA2B0054FE32 /* Tabs.swift in Sources */,
				69B257B1240DABAF00CBCF1A /* ContactDetail.swift in Sources */,
				69143F1C2CACBFFC0054FE32 /* StatusAlertView.swift in Sources */,
				69143F1A2CACBF980054FE32 /* AlertViewModel.swift in Sources */,
				69D6B2AD27AA6030008902E0 /* RecentContacts.swift in Sources */,
				B76D656F20B3323A00B55764 /* Color+helper.swift in Sources */,
				6900D7F82438103000888336 /* ContactListViewModel.swift in Sources */,
				6967D6ED24806EBB001B0046 /* NotificationListModel.swift in Sources */,
				B76D657020B3323A00B55764 /* ContactHelpers.swift in Sources */,
				6900B64324B79DD200500923 /* ContactDetailViewModel.swift in Sources */,
				B76D656D20B3323A00B55764 /* Constants.swift in Sources */,
			);
			runOnlyForDeploymentPostprocessing = 0;
		};
		69D6B29127AA5E3A008902E0 /* Sources */ = {
			isa = PBXSourcesBuildPhase;
			buildActionMask = 2147483647;
			files = (
				69D6B2AE27AA606E008902E0 /* RecentContacts.swift in Sources */,
				69C5451727ACF67700864C01 /* ContactHelpers.swift in Sources */,
				69D6B29C27AA5E3A008902E0 /* RecentContactsWidget.swift in Sources */,
				69C5451827ACF68C00864C01 /* Constants.swift in Sources */,
			);
			runOnlyForDeploymentPostprocessing = 0;
		};
/* End PBXSourcesBuildPhase section */

/* Begin PBXTargetDependency section */
		69D6B2A127AA5E3C008902E0 /* PBXTargetDependency */ = {
			isa = PBXTargetDependency;
			platformFilters = (
				ios,
				maccatalyst,
			);
			target = 69D6B29427AA5E3A008902E0 /* RecentContactsExtension */;
			targetProxy = 69D6B2A027AA5E3C008902E0 /* PBXContainerItemProxy */;
		};
/* End PBXTargetDependency section */

/* Begin XCBuildConfiguration section */
		4FD6C4911B754AF1002F9F90 /* Debug */ = {
			isa = XCBuildConfiguration;
			buildSettings = {
				ALWAYS_SEARCH_USER_PATHS = NO;
				CLANG_ANALYZER_LOCALIZABILITY_NONLOCALIZED = YES;
				CLANG_CXX_LANGUAGE_STANDARD = "gnu++0x";
				CLANG_CXX_LIBRARY = "libc++";
				CLANG_ENABLE_MODULES = YES;
				CLANG_ENABLE_OBJC_ARC = YES;
				CLANG_WARN_BLOCK_CAPTURE_AUTORELEASING = YES;
				CLANG_WARN_BOOL_CONVERSION = YES;
				CLANG_WARN_COMMA = YES;
				CLANG_WARN_CONSTANT_CONVERSION = YES;
				CLANG_WARN_DEPRECATED_OBJC_IMPLEMENTATIONS = YES;
				CLANG_WARN_DIRECT_OBJC_ISA_USAGE = YES_ERROR;
				CLANG_WARN_EMPTY_BODY = YES;
				CLANG_WARN_ENUM_CONVERSION = YES;
				CLANG_WARN_INFINITE_RECURSION = YES;
				CLANG_WARN_INT_CONVERSION = YES;
				CLANG_WARN_NON_LITERAL_NULL_CONVERSION = YES;
				CLANG_WARN_OBJC_IMPLICIT_RETAIN_SELF = YES;
				CLANG_WARN_OBJC_LITERAL_CONVERSION = YES;
				CLANG_WARN_OBJC_ROOT_CLASS = YES_ERROR;
				CLANG_WARN_RANGE_LOOP_ANALYSIS = YES;
				CLANG_WARN_STRICT_PROTOTYPES = YES;
				CLANG_WARN_SUSPICIOUS_MOVE = YES;
				CLANG_WARN_UNREACHABLE_CODE = YES;
				CLANG_WARN__DUPLICATE_METHOD_MATCH = YES;
				"CODE_SIGN_IDENTITY[sdk=iphoneos*]" = "iPhone Developer";
				COPY_PHASE_STRIP = NO;
				DEBUG_INFORMATION_FORMAT = "dwarf-with-dsym";
				ENABLE_STRICT_OBJC_MSGSEND = YES;
				ENABLE_TESTABILITY = YES;
				GCC_C_LANGUAGE_STANDARD = gnu99;
				GCC_DYNAMIC_NO_PIC = NO;
				GCC_NO_COMMON_BLOCKS = YES;
				GCC_OPTIMIZATION_LEVEL = 0;
				GCC_PREPROCESSOR_DEFINITIONS = (
					"DEBUG=1",
					"$(inherited)",
				);
				GCC_SYMBOLS_PRIVATE_EXTERN = NO;
				GCC_WARN_64_TO_32_BIT_CONVERSION = YES;
				GCC_WARN_ABOUT_RETURN_TYPE = YES_ERROR;
				GCC_WARN_UNDECLARED_SELECTOR = YES;
				GCC_WARN_UNINITIALIZED_AUTOS = YES_AGGRESSIVE;
				GCC_WARN_UNUSED_FUNCTION = YES;
				GCC_WARN_UNUSED_VARIABLE = YES;
				IPHONEOS_DEPLOYMENT_TARGET = 17.0;
				MTL_ENABLE_DEBUG_INFO = YES;
				ONLY_ACTIVE_ARCH = YES;
				SDKROOT = iphoneos;
				SWIFT_OPTIMIZATION_LEVEL = "-Onone";
				SWIFT_SWIFT3_OBJC_INFERENCE = Default;
				TARGETED_DEVICE_FAMILY = "1,2";
			};
			name = Debug;
		};
		4FD6C4921B754AF1002F9F90 /* Release */ = {
			isa = XCBuildConfiguration;
			buildSettings = {
				ALWAYS_SEARCH_USER_PATHS = NO;
				CLANG_ANALYZER_LOCALIZABILITY_NONLOCALIZED = YES;
				CLANG_CXX_LANGUAGE_STANDARD = "gnu++0x";
				CLANG_CXX_LIBRARY = "libc++";
				CLANG_ENABLE_MODULES = YES;
				CLANG_ENABLE_OBJC_ARC = YES;
				CLANG_WARN_BLOCK_CAPTURE_AUTORELEASING = YES;
				CLANG_WARN_BOOL_CONVERSION = YES;
				CLANG_WARN_COMMA = YES;
				CLANG_WARN_CONSTANT_CONVERSION = YES;
				CLANG_WARN_DEPRECATED_OBJC_IMPLEMENTATIONS = YES;
				CLANG_WARN_DIRECT_OBJC_ISA_USAGE = YES_ERROR;
				CLANG_WARN_EMPTY_BODY = YES;
				CLANG_WARN_ENUM_CONVERSION = YES;
				CLANG_WARN_INFINITE_RECURSION = YES;
				CLANG_WARN_INT_CONVERSION = YES;
				CLANG_WARN_NON_LITERAL_NULL_CONVERSION = YES;
				CLANG_WARN_OBJC_IMPLICIT_RETAIN_SELF = YES;
				CLANG_WARN_OBJC_LITERAL_CONVERSION = YES;
				CLANG_WARN_OBJC_ROOT_CLASS = YES_ERROR;
				CLANG_WARN_RANGE_LOOP_ANALYSIS = YES;
				CLANG_WARN_STRICT_PROTOTYPES = YES;
				CLANG_WARN_SUSPICIOUS_MOVE = YES;
				CLANG_WARN_UNREACHABLE_CODE = YES;
				CLANG_WARN__DUPLICATE_METHOD_MATCH = YES;
				"CODE_SIGN_IDENTITY[sdk=iphoneos*]" = "iPhone Developer";
				COPY_PHASE_STRIP = NO;
				DEBUG_INFORMATION_FORMAT = "dwarf-with-dsym";
				ENABLE_NS_ASSERTIONS = NO;
				ENABLE_STRICT_OBJC_MSGSEND = YES;
				GCC_C_LANGUAGE_STANDARD = gnu99;
				GCC_NO_COMMON_BLOCKS = YES;
				GCC_WARN_64_TO_32_BIT_CONVERSION = YES;
				GCC_WARN_ABOUT_RETURN_TYPE = YES_ERROR;
				GCC_WARN_UNDECLARED_SELECTOR = YES;
				GCC_WARN_UNINITIALIZED_AUTOS = YES_AGGRESSIVE;
				GCC_WARN_UNUSED_FUNCTION = YES;
				GCC_WARN_UNUSED_VARIABLE = YES;
				IPHONEOS_DEPLOYMENT_TARGET = 17.0;
				MTL_ENABLE_DEBUG_INFO = NO;
				SDKROOT = iphoneos;
				SWIFT_COMPILATION_MODE = wholemodule;
				SWIFT_OPTIMIZATION_LEVEL = "-O";
				SWIFT_SWIFT3_OBJC_INFERENCE = Default;
				TARGETED_DEVICE_FAMILY = "1,2";
				VALIDATE_PRODUCT = YES;
			};
			name = Release;
		};
		4FD6C4941B754AF1002F9F90 /* Debug */ = {
			isa = XCBuildConfiguration;
			baseConfigurationReference = 762732C14CFE40A989C3AD70 /* Pods-MobileSyncExplorerSwift.debug.xcconfig */;
			buildSettings = {
				ALWAYS_EMBED_SWIFT_STANDARD_LIBRARIES = YES;
				ASSETCATALOG_COMPILER_APPICON_NAME = AppIcon;
				CODE_SIGN_ENTITLEMENTS = MobileSyncExplorerSwift/MobileSyncExplorerSwift.entitlements;
				CURRENT_PROJECT_VERSION = 1;
				DEVELOPMENT_TEAM = "";
				INFOPLIST_FILE = MobileSyncExplorerSwift/Info.plist;
				LD_RUNPATH_SEARCH_PATHS = (
					"$(inherited)",
					"@executable_path/Frameworks",
				);
				MARKETING_VERSION = 1.0;
				OTHER_SWIFT_FLAGS = "-DSIGNPOST_ENABLED";
				PRODUCT_BUNDLE_IDENTIFIER = com.salesforce.mobilesdk.MobileSyncExplorerSwift;
				PRODUCT_NAME = "$(TARGET_NAME)";
				SUPPORTED_PLATFORMS = "iphoneos iphonesimulator xros xrsimulator";
				SUPPORTS_MACCATALYST = YES;
				SWIFT_OBJC_BRIDGING_HEADER = "MobileSyncExplorerSwift/Bridging-Header.h";
				SWIFT_VERSION = 5.0;
				TARGETED_DEVICE_FAMILY = "1,2,7";
			};
			name = Debug;
		};
		4FD6C4951B754AF1002F9F90 /* Release */ = {
			isa = XCBuildConfiguration;
			baseConfigurationReference = 045D1C5BC2F1EADFDFB3671E /* Pods-MobileSyncExplorerSwift.release.xcconfig */;
			buildSettings = {
				ALWAYS_EMBED_SWIFT_STANDARD_LIBRARIES = YES;
				ASSETCATALOG_COMPILER_APPICON_NAME = AppIcon;
				CODE_SIGN_ENTITLEMENTS = MobileSyncExplorerSwift/MobileSyncExplorerSwift.entitlements;
				CURRENT_PROJECT_VERSION = 1;
				DEVELOPMENT_TEAM = "";
				INFOPLIST_FILE = MobileSyncExplorerSwift/Info.plist;
				LD_RUNPATH_SEARCH_PATHS = (
					"$(inherited)",
					"@executable_path/Frameworks",
				);
				MARKETING_VERSION = 1.0;
				PRODUCT_BUNDLE_IDENTIFIER = com.salesforce.mobilesdk.MobileSyncExplorerSwift;
				PRODUCT_NAME = "$(TARGET_NAME)";
				SUPPORTED_PLATFORMS = "iphoneos iphonesimulator xros xrsimulator";
				SUPPORTS_MACCATALYST = YES;
				SWIFT_OBJC_BRIDGING_HEADER = "MobileSyncExplorerSwift/Bridging-Header.h";
				SWIFT_VERSION = 5.0;
				TARGETED_DEVICE_FAMILY = "1,2,7";
			};
			name = Release;
		};
		69D6B2A527AA5E3C008902E0 /* Debug */ = {
			isa = XCBuildConfiguration;
			baseConfigurationReference = B19B1AC528A3876A1F65FD64 /* Pods-RecentContactsExtension.debug.xcconfig */;
			buildSettings = {
				ASSETCATALOG_COMPILER_GLOBAL_ACCENT_COLOR_NAME = AccentColor;
				ASSETCATALOG_COMPILER_WIDGET_BACKGROUND_COLOR_NAME = WidgetBackground;
				CLANG_ANALYZER_NONNULL = YES;
				CLANG_ANALYZER_NUMBER_OBJECT_CONVERSION = YES_AGGRESSIVE;
				CLANG_CXX_LANGUAGE_STANDARD = "gnu++17";
				CLANG_ENABLE_OBJC_WEAK = YES;
				CLANG_WARN_DOCUMENTATION_COMMENTS = YES;
				CLANG_WARN_QUOTED_INCLUDE_IN_FRAMEWORK_HEADER = YES;
				CLANG_WARN_UNGUARDED_AVAILABILITY = YES_AGGRESSIVE;
				CODE_SIGN_ENTITLEMENTS = RecentContactsExtension.entitlements;
				CODE_SIGN_STYLE = Automatic;
				CURRENT_PROJECT_VERSION = 1;
				DEBUG_INFORMATION_FORMAT = dwarf;
				DEVELOPMENT_TEAM = "";
				GCC_C_LANGUAGE_STANDARD = gnu11;
				GENERATE_INFOPLIST_FILE = YES;
				INFOPLIST_FILE = RecentContacts/Info.plist;
				INFOPLIST_KEY_CFBundleDisplayName = RecentContacts;
				INFOPLIST_KEY_NSHumanReadableCopyright = "Copyright © 2022 MobileSyncExplorerSwiftOrganizationName. All rights reserved.";
				LD_RUNPATH_SEARCH_PATHS = (
					"$(inherited)",
					"@executable_path/Frameworks",
					"@executable_path/../../Frameworks",
				);
				MARKETING_VERSION = 1.0;
				MTL_ENABLE_DEBUG_INFO = INCLUDE_SOURCE;
				MTL_FAST_MATH = YES;
				PRODUCT_BUNDLE_IDENTIFIER = com.salesforce.mobilesdk.MobileSyncExplorerSwift.RecentContacts;
				PRODUCT_NAME = "$(TARGET_NAME)";
				SKIP_INSTALL = YES;
				SUPPORTS_MACCATALYST = YES;
				SWIFT_ACTIVE_COMPILATION_CONDITIONS = DEBUG;
				SWIFT_EMIT_LOC_STRINGS = YES;
				SWIFT_VERSION = 5.0;
				TARGETED_DEVICE_FAMILY = "1,2";
			};
			name = Debug;
		};
		69D6B2A627AA5E3C008902E0 /* Release */ = {
			isa = XCBuildConfiguration;
			baseConfigurationReference = 7371B56DCABF9CC3355B16B3 /* Pods-RecentContactsExtension.release.xcconfig */;
			buildSettings = {
				ASSETCATALOG_COMPILER_GLOBAL_ACCENT_COLOR_NAME = AccentColor;
				ASSETCATALOG_COMPILER_WIDGET_BACKGROUND_COLOR_NAME = WidgetBackground;
				CLANG_ANALYZER_NONNULL = YES;
				CLANG_ANALYZER_NUMBER_OBJECT_CONVERSION = YES_AGGRESSIVE;
				CLANG_CXX_LANGUAGE_STANDARD = "gnu++17";
				CLANG_ENABLE_OBJC_WEAK = YES;
				CLANG_WARN_DOCUMENTATION_COMMENTS = YES;
				CLANG_WARN_QUOTED_INCLUDE_IN_FRAMEWORK_HEADER = YES;
				CLANG_WARN_UNGUARDED_AVAILABILITY = YES_AGGRESSIVE;
				CODE_SIGN_ENTITLEMENTS = RecentContactsExtension.entitlements;
				CODE_SIGN_STYLE = Automatic;
				CURRENT_PROJECT_VERSION = 1;
				DEVELOPMENT_TEAM = "";
				GCC_C_LANGUAGE_STANDARD = gnu11;
				GENERATE_INFOPLIST_FILE = YES;
				INFOPLIST_FILE = RecentContacts/Info.plist;
				INFOPLIST_KEY_CFBundleDisplayName = RecentContacts;
				INFOPLIST_KEY_NSHumanReadableCopyright = "Copyright © 2022 MobileSyncExplorerSwiftOrganizationName. All rights reserved.";
				LD_RUNPATH_SEARCH_PATHS = (
					"$(inherited)",
					"@executable_path/Frameworks",
					"@executable_path/../../Frameworks",
				);
				MARKETING_VERSION = 1.0;
				MTL_FAST_MATH = YES;
				PRODUCT_BUNDLE_IDENTIFIER = com.salesforce.mobilesdk.MobileSyncExplorerSwift.RecentContacts;
				PRODUCT_NAME = "$(TARGET_NAME)";
				SKIP_INSTALL = YES;
				SUPPORTS_MACCATALYST = YES;
				SWIFT_EMIT_LOC_STRINGS = YES;
				SWIFT_VERSION = 5.0;
				TARGETED_DEVICE_FAMILY = "1,2";
			};
			name = Release;
		};
/* End XCBuildConfiguration section */

/* Begin XCConfigurationList section */
		4FD6C46F1B754AF1002F9F90 /* Build configuration list for PBXProject "MobileSyncExplorerSwift" */ = {
			isa = XCConfigurationList;
			buildConfigurations = (
				4FD6C4911B754AF1002F9F90 /* Debug */,
				4FD6C4921B754AF1002F9F90 /* Release */,
			);
			defaultConfigurationIsVisible = 0;
			defaultConfigurationName = Release;
		};
		4FD6C4931B754AF1002F9F90 /* Build configuration list for PBXNativeTarget "MobileSyncExplorerSwift" */ = {
			isa = XCConfigurationList;
			buildConfigurations = (
				4FD6C4941B754AF1002F9F90 /* Debug */,
				4FD6C4951B754AF1002F9F90 /* Release */,
			);
			defaultConfigurationIsVisible = 0;
			defaultConfigurationName = Release;
		};
		69D6B2A727AA5E3C008902E0 /* Build configuration list for PBXNativeTarget "RecentContactsExtension" */ = {
			isa = XCConfigurationList;
			buildConfigurations = (
				69D6B2A527AA5E3C008902E0 /* Debug */,
				69D6B2A627AA5E3C008902E0 /* Release */,
			);
			defaultConfigurationIsVisible = 0;
			defaultConfigurationName = Release;
		};
/* End XCConfigurationList section */
	};
	rootObject = 4FD6C46C1B754AF1002F9F90 /* Project object */;
}
