// !$*UTF8*$!
{
	archiveVersion = 1;
	classes = {
	};
	objectVersion = 48;
	objects = {

/* Begin PBXBuildFile section */
		A406EAE5205F761F00E0A850 /* FavoritesStore.swift in Sources */ = {isa = PBXBuildFile; fileRef = A406EAE4205F761F00E0A850 /* FavoritesStore.swift */; };
		A406EAE7205F763A00E0A850 /* UserFavorite.swift in Sources */ = {isa = PBXBuildFile; fileRef = A406EAE6205F763A00E0A850 /* UserFavorite.swift */; };
		A406EAF620603FBB00E0A850 /* LocalOrderStore.swift in Sources */ = {isa = PBXBuildFile; fileRef = A406EAF520603FBB00E0A850 /* LocalOrderStore.swift */; };
		A406EAF820609C6300E0A850 /* LocalOrder.swift in Sources */ = {isa = PBXBuildFile; fileRef = A406EAF720609C6300E0A850 /* LocalOrder.swift */; };
		A44358A2204F0E7200742823 /* Record.swift in Sources */ = {isa = PBXBuildFile; fileRef = A45F04B1204EF3F100074F13 /* Record.swift */; };
		A44358A3204F0E8800742823 /* Store.swift in Sources */ = {isa = PBXBuildFile; fileRef = A45F04B2204EF3F100074F13 /* Store.swift */; };
		A44358A4204F0E8E00742823 /* CategoryStore.swift in Sources */ = {isa = PBXBuildFile; fileRef = A45F04A1204EF3D700074F13 /* CategoryStore.swift */; };
		A44358A5204F0E9100742823 /* ProductCategoryAssociationStore.swift in Sources */ = {isa = PBXBuildFile; fileRef = A45F04A2204EF3D700074F13 /* ProductCategoryAssociationStore.swift */; };
		A44358A6204F0E9400742823 /* ProductStore.swift in Sources */ = {isa = PBXBuildFile; fileRef = A45F04A5204EF3D700074F13 /* ProductStore.swift */; };
		A44358A7204F0E9600742823 /* ProductOptionStore.swift in Sources */ = {isa = PBXBuildFile; fileRef = A45F04A6204EF3D700074F13 /* ProductOptionStore.swift */; };
		A44358A8204F0E9900742823 /* OrderStore.swift in Sources */ = {isa = PBXBuildFile; fileRef = A45F04A7204EF3D700074F13 /* OrderStore.swift */; };
		A44358A9204F0E9C00742823 /* OrderItemStore.swift in Sources */ = {isa = PBXBuildFile; fileRef = A45F04A8204EF3D700074F13 /* OrderItemStore.swift */; };
		A44358AA204F0E9E00742823 /* QuoteStore.swift in Sources */ = {isa = PBXBuildFile; fileRef = A45F04A9204EF3D700074F13 /* QuoteStore.swift */; };
		A44358AB204F0EA100742823 /* QuoteLineItemStore.swift in Sources */ = {isa = PBXBuildFile; fileRef = A45F04AA204EF3D700074F13 /* QuoteLineItemStore.swift */; };
		A44358AC204F0EA300742823 /* QuoteLineGroupStore.swift in Sources */ = {isa = PBXBuildFile; fileRef = A45F04AB204EF3D700074F13 /* QuoteLineGroupStore.swift */; };
		A44358AD204F0EAC00742823 /* OpportunityStore.swift in Sources */ = {isa = PBXBuildFile; fileRef = A45F04AC204EF3D700074F13 /* OpportunityStore.swift */; };
		A44358AE204F0EAE00742823 /* LocalCartStore.swift in Sources */ = {isa = PBXBuildFile; fileRef = A45F04AD204EF3D700074F13 /* LocalCartStore.swift */; };
		A44358AF204F0EB000742823 /* AccountStore.swift in Sources */ = {isa = PBXBuildFile; fileRef = A45F04AE204EF3D700074F13 /* AccountStore.swift */; };
		A44358B0204F0EB200742823 /* PricebookStore.swift in Sources */ = {isa = PBXBuildFile; fileRef = A45F04AF204EF3D700074F13 /* PricebookStore.swift */; };
		A44358B1204F0EB400742823 /* ProductCategory.swift in Sources */ = {isa = PBXBuildFile; fileRef = A45F048E204EF3B100074F13 /* ProductCategory.swift */; };
		A44358B2204F0EB700742823 /* ProductCategoryAssociation.swift in Sources */ = {isa = PBXBuildFile; fileRef = A45F048F204EF3B100074F13 /* ProductCategoryAssociation.swift */; };
		A44358B5204F0EBD00742823 /* Product.swift in Sources */ = {isa = PBXBuildFile; fileRef = A45F0492204EF3B100074F13 /* Product.swift */; };
		A44358B6204F0EC000742823 /* ProductOption.swift in Sources */ = {isa = PBXBuildFile; fileRef = A45F0493204EF3B100074F13 /* ProductOption.swift */; };
		A44358B7204F0EC400742823 /* ProductFamily.swift in Sources */ = {isa = PBXBuildFile; fileRef = A45F0494204EF3B100074F13 /* ProductFamily.swift */; };
		A44358B8204F0EC900742823 /* Theme.swift in Sources */ = {isa = PBXBuildFile; fileRef = A45F0495204EF3B100074F13 /* Theme.swift */; };
		A44358B9204F0ECC00742823 /* Order.swift in Sources */ = {isa = PBXBuildFile; fileRef = A45F0496204EF3B100074F13 /* Order.swift */; };
		A44358BA204F0ECE00742823 /* OrderItem.swift in Sources */ = {isa = PBXBuildFile; fileRef = A45F0497204EF3B100074F13 /* OrderItem.swift */; };
		A44358BB204F0ED100742823 /* Quote.swift in Sources */ = {isa = PBXBuildFile; fileRef = A45F0498204EF3B100074F13 /* Quote.swift */; };
		A44358BC204F0ED300742823 /* QuoteLineItem.swift in Sources */ = {isa = PBXBuildFile; fileRef = A45F0499204EF3B100074F13 /* QuoteLineItem.swift */; };
		A44358BD204F0ED600742823 /* QuoteLineGroup.swift in Sources */ = {isa = PBXBuildFile; fileRef = A45F049A204EF3B100074F13 /* QuoteLineGroup.swift */; };
		A44358BE204F0ED800742823 /* Opportunity.swift in Sources */ = {isa = PBXBuildFile; fileRef = A45F049B204EF3B100074F13 /* Opportunity.swift */; };
		A44358BF204F0EDB00742823 /* LocalProductItem.swift in Sources */ = {isa = PBXBuildFile; fileRef = A45F049C204EF3B100074F13 /* LocalProductItem.swift */; };
		A44358C0204F0EDE00742823 /* LocalProductOption.swift in Sources */ = {isa = PBXBuildFile; fileRef = A45F049D204EF3B100074F13 /* LocalProductOption.swift */; };
		A44358C1204F0EE000742823 /* Account.swift in Sources */ = {isa = PBXBuildFile; fileRef = A45F049E204EF3B100074F13 /* Account.swift */; };
		A44358C2204F0EE300742823 /* Pricebook.swift in Sources */ = {isa = PBXBuildFile; fileRef = A45F049F204EF3B100074F13 /* Pricebook.swift */; };
		A45F0476204EF32A00074F13 /* Common.framework in Frameworks */ = {isa = PBXBuildFile; fileRef = A45F046C204EF32A00074F13 /* Common.framework */; };
		A45F047B204EF32A00074F13 /* CommonTests.swift in Sources */ = {isa = PBXBuildFile; fileRef = A45F047A204EF32A00074F13 /* CommonTests.swift */; };
		A45F047D204EF32A00074F13 /* Common.h in Headers */ = {isa = PBXBuildFile; fileRef = A45F046F204EF32A00074F13 /* Common.h */; settings = {ATTRIBUTES = (Public, ); }; };
		A4914F742060E64700B8A022 /* ImageCache.swift in Sources */ = {isa = PBXBuildFile; fileRef = A4914F732060E64700B8A022 /* ImageCache.swift */; };
		A4914F782060E70800B8A022 /* UIImageViewExtension.swift in Sources */ = {isa = PBXBuildFile; fileRef = A4914F772060E70800B8A022 /* UIImageViewExtension.swift */; };
		A4914F7A2064C26B00B8A022 /* User.swift in Sources */ = {isa = PBXBuildFile; fileRef = A4914F792064C26B00B8A022 /* User.swift */; };
		A4914F7C2064C68300B8A022 /* UserStore.swift in Sources */ = {isa = PBXBuildFile; fileRef = A4914F7B2064C68300B8A022 /* UserStore.swift */; };
		AA91C01E5CA4B477A1425D75 /* Pods_Common.framework in Frameworks */ = {isa = PBXBuildFile; fileRef = 661B2FE672BE3D118953E48E /* Pods_Common.framework */; };
/* End PBXBuildFile section */

/* Begin PBXContainerItemProxy section */
		A45F0477204EF32A00074F13 /* PBXContainerItemProxy */ = {
			isa = PBXContainerItemProxy;
			containerPortal = A45F0463204EF32A00074F13 /* Project object */;
			proxyType = 1;
			remoteGlobalIDString = A45F046B204EF32A00074F13;
			remoteInfo = Common;
		};
/* End PBXContainerItemProxy section */

/* Begin PBXFileReference section */
		661B2FE672BE3D118953E48E /* Pods_Common.framework */ = {isa = PBXFileReference; explicitFileType = wrapper.framework; includeInIndex = 0; path = Pods_Common.framework; sourceTree = BUILT_PRODUCTS_DIR; };
		A406EAE4205F761F00E0A850 /* FavoritesStore.swift */ = {isa = PBXFileReference; lastKnownFileType = sourcecode.swift; path = FavoritesStore.swift; sourceTree = "<group>"; };
		A406EAE6205F763A00E0A850 /* UserFavorite.swift */ = {isa = PBXFileReference; lastKnownFileType = sourcecode.swift; path = UserFavorite.swift; sourceTree = "<group>"; };
		A406EAF520603FBB00E0A850 /* LocalOrderStore.swift */ = {isa = PBXFileReference; lastKnownFileType = sourcecode.swift; path = LocalOrderStore.swift; sourceTree = "<group>"; };
		A406EAF720609C6300E0A850 /* LocalOrder.swift */ = {isa = PBXFileReference; lastKnownFileType = sourcecode.swift; path = LocalOrder.swift; sourceTree = "<group>"; };
		A45F046C204EF32A00074F13 /* Common.framework */ = {isa = PBXFileReference; explicitFileType = wrapper.framework; includeInIndex = 0; path = Common.framework; sourceTree = BUILT_PRODUCTS_DIR; };
		A45F046F204EF32A00074F13 /* Common.h */ = {isa = PBXFileReference; lastKnownFileType = sourcecode.c.h; path = Common.h; sourceTree = "<group>"; };
		A45F0470204EF32A00074F13 /* Info.plist */ = {isa = PBXFileReference; lastKnownFileType = text.plist.xml; path = Info.plist; sourceTree = "<group>"; };
		A45F0475204EF32A00074F13 /* CommonTests.xctest */ = {isa = PBXFileReference; explicitFileType = wrapper.cfbundle; includeInIndex = 0; path = CommonTests.xctest; sourceTree = BUILT_PRODUCTS_DIR; };
		A45F047A204EF32A00074F13 /* CommonTests.swift */ = {isa = PBXFileReference; lastKnownFileType = sourcecode.swift; path = CommonTests.swift; sourceTree = "<group>"; };
		A45F047C204EF32A00074F13 /* Info.plist */ = {isa = PBXFileReference; lastKnownFileType = text.plist.xml; path = Info.plist; sourceTree = "<group>"; };
		A45F048E204EF3B100074F13 /* ProductCategory.swift */ = {isa = PBXFileReference; lastKnownFileType = sourcecode.swift; path = ProductCategory.swift; sourceTree = "<group>"; };
		A45F048F204EF3B100074F13 /* ProductCategoryAssociation.swift */ = {isa = PBXFileReference; fileEncoding = 4; lastKnownFileType = sourcecode.swift; path = ProductCategoryAssociation.swift; sourceTree = "<group>"; };
		A45F0492204EF3B100074F13 /* Product.swift */ = {isa = PBXFileReference; fileEncoding = 4; lastKnownFileType = sourcecode.swift; path = Product.swift; sourceTree = "<group>"; };
		A45F0493204EF3B100074F13 /* ProductOption.swift */ = {isa = PBXFileReference; lastKnownFileType = sourcecode.swift; path = ProductOption.swift; sourceTree = "<group>"; };
		A45F0494204EF3B100074F13 /* ProductFamily.swift */ = {isa = PBXFileReference; lastKnownFileType = sourcecode.swift; path = ProductFamily.swift; sourceTree = "<group>"; };
		A45F0495204EF3B100074F13 /* Theme.swift */ = {isa = PBXFileReference; lastKnownFileType = sourcecode.swift; path = Theme.swift; sourceTree = "<group>"; };
		A45F0496204EF3B100074F13 /* Order.swift */ = {isa = PBXFileReference; lastKnownFileType = sourcecode.swift; path = Order.swift; sourceTree = "<group>"; };
		A45F0497204EF3B100074F13 /* OrderItem.swift */ = {isa = PBXFileReference; lastKnownFileType = sourcecode.swift; path = OrderItem.swift; sourceTree = "<group>"; };
		A45F0498204EF3B100074F13 /* Quote.swift */ = {isa = PBXFileReference; lastKnownFileType = sourcecode.swift; path = Quote.swift; sourceTree = "<group>"; };
		A45F0499204EF3B100074F13 /* QuoteLineItem.swift */ = {isa = PBXFileReference; lastKnownFileType = sourcecode.swift; path = QuoteLineItem.swift; sourceTree = "<group>"; };
		A45F049A204EF3B100074F13 /* QuoteLineGroup.swift */ = {isa = PBXFileReference; lastKnownFileType = sourcecode.swift; path = QuoteLineGroup.swift; sourceTree = "<group>"; };
		A45F049B204EF3B100074F13 /* Opportunity.swift */ = {isa = PBXFileReference; lastKnownFileType = sourcecode.swift; path = Opportunity.swift; sourceTree = "<group>"; };
		A45F049C204EF3B100074F13 /* LocalProductItem.swift */ = {isa = PBXFileReference; lastKnownFileType = sourcecode.swift; path = LocalProductItem.swift; sourceTree = "<group>"; };
		A45F049D204EF3B100074F13 /* LocalProductOption.swift */ = {isa = PBXFileReference; lastKnownFileType = sourcecode.swift; path = LocalProductOption.swift; sourceTree = "<group>"; };
		A45F049E204EF3B100074F13 /* Account.swift */ = {isa = PBXFileReference; lastKnownFileType = sourcecode.swift; path = Account.swift; sourceTree = "<group>"; };
		A45F049F204EF3B100074F13 /* Pricebook.swift */ = {isa = PBXFileReference; lastKnownFileType = sourcecode.swift; path = Pricebook.swift; sourceTree = "<group>"; };
		A45F04A1204EF3D700074F13 /* CategoryStore.swift */ = {isa = PBXFileReference; lastKnownFileType = sourcecode.swift; path = CategoryStore.swift; sourceTree = "<group>"; };
		A45F04A2204EF3D700074F13 /* ProductCategoryAssociationStore.swift */ = {isa = PBXFileReference; fileEncoding = 4; lastKnownFileType = sourcecode.swift; path = ProductCategoryAssociationStore.swift; sourceTree = "<group>"; };
		A45F04A5204EF3D700074F13 /* ProductStore.swift */ = {isa = PBXFileReference; fileEncoding = 4; lastKnownFileType = sourcecode.swift; path = ProductStore.swift; sourceTree = "<group>"; };
		A45F04A6204EF3D700074F13 /* ProductOptionStore.swift */ = {isa = PBXFileReference; lastKnownFileType = sourcecode.swift; path = ProductOptionStore.swift; sourceTree = "<group>"; };
		A45F04A7204EF3D700074F13 /* OrderStore.swift */ = {isa = PBXFileReference; lastKnownFileType = sourcecode.swift; path = OrderStore.swift; sourceTree = "<group>"; };
		A45F04A8204EF3D700074F13 /* OrderItemStore.swift */ = {isa = PBXFileReference; lastKnownFileType = sourcecode.swift; path = OrderItemStore.swift; sourceTree = "<group>"; };
		A45F04A9204EF3D700074F13 /* QuoteStore.swift */ = {isa = PBXFileReference; lastKnownFileType = sourcecode.swift; path = QuoteStore.swift; sourceTree = "<group>"; };
		A45F04AA204EF3D700074F13 /* QuoteLineItemStore.swift */ = {isa = PBXFileReference; lastKnownFileType = sourcecode.swift; path = QuoteLineItemStore.swift; sourceTree = "<group>"; };
		A45F04AB204EF3D700074F13 /* QuoteLineGroupStore.swift */ = {isa = PBXFileReference; lastKnownFileType = sourcecode.swift; path = QuoteLineGroupStore.swift; sourceTree = "<group>"; };
		A45F04AC204EF3D700074F13 /* OpportunityStore.swift */ = {isa = PBXFileReference; lastKnownFileType = sourcecode.swift; path = OpportunityStore.swift; sourceTree = "<group>"; };
		A45F04AD204EF3D700074F13 /* LocalCartStore.swift */ = {isa = PBXFileReference; lastKnownFileType = sourcecode.swift; path = LocalCartStore.swift; sourceTree = "<group>"; };
		A45F04AE204EF3D700074F13 /* AccountStore.swift */ = {isa = PBXFileReference; lastKnownFileType = sourcecode.swift; path = AccountStore.swift; sourceTree = "<group>"; };
		A45F04AF204EF3D700074F13 /* PricebookStore.swift */ = {isa = PBXFileReference; lastKnownFileType = sourcecode.swift; path = PricebookStore.swift; sourceTree = "<group>"; };
		A45F04B1204EF3F100074F13 /* Record.swift */ = {isa = PBXFileReference; fileEncoding = 4; lastKnownFileType = sourcecode.swift; path = Record.swift; sourceTree = "<group>"; };
		A45F04B2204EF3F100074F13 /* Store.swift */ = {isa = PBXFileReference; fileEncoding = 4; lastKnownFileType = sourcecode.swift; path = Store.swift; sourceTree = "<group>"; };
		A4914F732060E64700B8A022 /* ImageCache.swift */ = {isa = PBXFileReference; fileEncoding = 4; lastKnownFileType = sourcecode.swift; path = ImageCache.swift; sourceTree = "<group>"; };
		A4914F772060E70800B8A022 /* UIImageViewExtension.swift */ = {isa = PBXFileReference; lastKnownFileType = sourcecode.swift; path = UIImageViewExtension.swift; sourceTree = "<group>"; };
		A4914F792064C26B00B8A022 /* User.swift */ = {isa = PBXFileReference; lastKnownFileType = sourcecode.swift; path = User.swift; sourceTree = "<group>"; };
		A4914F7B2064C68300B8A022 /* UserStore.swift */ = {isa = PBXFileReference; lastKnownFileType = sourcecode.swift; path = UserStore.swift; sourceTree = "<group>"; };
		AD97E12B52DB1BCC14E2BA20 /* Pods-Common.release.xcconfig */ = {isa = PBXFileReference; includeInIndex = 1; lastKnownFileType = text.xcconfig; name = "Pods-Common.release.xcconfig"; path = "../Pods/Target Support Files/Pods-Common/Pods-Common.release.xcconfig"; sourceTree = "<group>"; };
		D8A59606D512305542C20892 /* Pods-Common.debug.xcconfig */ = {isa = PBXFileReference; includeInIndex = 1; lastKnownFileType = text.xcconfig; name = "Pods-Common.debug.xcconfig"; path = "../Pods/Target Support Files/Pods-Common/Pods-Common.debug.xcconfig"; sourceTree = "<group>"; };
/* End PBXFileReference section */

/* Begin PBXFrameworksBuildPhase section */
		A45F0468204EF32A00074F13 /* Frameworks */ = {
			isa = PBXFrameworksBuildPhase;
			buildActionMask = 2147483647;
			files = (
				AA91C01E5CA4B477A1425D75 /* Pods_Common.framework in Frameworks */,
			);
			runOnlyForDeploymentPostprocessing = 0;
		};
		A45F0472204EF32A00074F13 /* Frameworks */ = {
			isa = PBXFrameworksBuildPhase;
			buildActionMask = 2147483647;
			files = (
				A45F0476204EF32A00074F13 /* Common.framework in Frameworks */,
			);
			runOnlyForDeploymentPostprocessing = 0;
		};
/* End PBXFrameworksBuildPhase section */

/* Begin PBXGroup section */
		753C78C61C99AF0A56C904B3 /* Pods */ = {
			isa = PBXGroup;
			children = (
				D8A59606D512305542C20892 /* Pods-Common.debug.xcconfig */,
				AD97E12B52DB1BCC14E2BA20 /* Pods-Common.release.xcconfig */,
			);
			name = Pods;
			sourceTree = "<group>";
		};
		A45F0462204EF32A00074F13 = {
			isa = PBXGroup;
			children = (
				A45F046E204EF32A00074F13 /* Common */,
				A45F0479204EF32A00074F13 /* CommonTests */,
				A45F046D204EF32A00074F13 /* Products */,
				753C78C61C99AF0A56C904B3 /* Pods */,
				D51C24D9C0F42A32440DAE8E /* Frameworks */,
			);
			sourceTree = "<group>";
		};
		A45F046D204EF32A00074F13 /* Products */ = {
			isa = PBXGroup;
			children = (
				A45F046C204EF32A00074F13 /* Common.framework */,
				A45F0475204EF32A00074F13 /* CommonTests.xctest */,
			);
			name = Products;
			sourceTree = "<group>";
		};
		A45F046E204EF32A00074F13 /* Common */ = {
			isa = PBXGroup;
			children = (
				A4914F722060E63B00B8A022 /* Helper */,
				A45F04B3204EF3F100074F13 /* Base */,
				A45F04B0204EF3D700074F13 /* Store */,
				A45F04A0204EF3B100074F13 /* Model */,
				A45F046F204EF32A00074F13 /* Common.h */,
				A45F0470204EF32A00074F13 /* Info.plist */,
			);
			path = Common;
			sourceTree = "<group>";
		};
		A45F0479204EF32A00074F13 /* CommonTests */ = {
			isa = PBXGroup;
			children = (
				A45F047A204EF32A00074F13 /* CommonTests.swift */,
				A45F047C204EF32A00074F13 /* Info.plist */,
			);
			path = CommonTests;
			sourceTree = "<group>";
		};
		A45F04A0204EF3B100074F13 /* Model */ = {
			isa = PBXGroup;
			children = (
				A45F048E204EF3B100074F13 /* ProductCategory.swift */,
				A45F048F204EF3B100074F13 /* ProductCategoryAssociation.swift */,
				A45F0492204EF3B100074F13 /* Product.swift */,
				A45F0493204EF3B100074F13 /* ProductOption.swift */,
				A45F0494204EF3B100074F13 /* ProductFamily.swift */,
				A45F0495204EF3B100074F13 /* Theme.swift */,
				A45F0496204EF3B100074F13 /* Order.swift */,
				A45F0497204EF3B100074F13 /* OrderItem.swift */,
				A45F0498204EF3B100074F13 /* Quote.swift */,
				A45F0499204EF3B100074F13 /* QuoteLineItem.swift */,
				A45F049A204EF3B100074F13 /* QuoteLineGroup.swift */,
				A45F049B204EF3B100074F13 /* Opportunity.swift */,
				A45F049C204EF3B100074F13 /* LocalProductItem.swift */,
				A45F049D204EF3B100074F13 /* LocalProductOption.swift */,
				A45F049E204EF3B100074F13 /* Account.swift */,
				A45F049F204EF3B100074F13 /* Pricebook.swift */,
				A406EAE6205F763A00E0A850 /* UserFavorite.swift */,
				A406EAF720609C6300E0A850 /* LocalOrder.swift */,
				A4914F792064C26B00B8A022 /* User.swift */,
			);
			path = Model;
			sourceTree = "<group>";
		};
		A45F04B0204EF3D700074F13 /* Store */ = {
			isa = PBXGroup;
			children = (
				A45F04A1204EF3D700074F13 /* CategoryStore.swift */,
				A45F04A2204EF3D700074F13 /* ProductCategoryAssociationStore.swift */,
				A45F04A5204EF3D700074F13 /* ProductStore.swift */,
				A45F04A6204EF3D700074F13 /* ProductOptionStore.swift */,
				A45F04A7204EF3D700074F13 /* OrderStore.swift */,
				A45F04A8204EF3D700074F13 /* OrderItemStore.swift */,
				A45F04A9204EF3D700074F13 /* QuoteStore.swift */,
				A45F04AA204EF3D700074F13 /* QuoteLineItemStore.swift */,
				A45F04AB204EF3D700074F13 /* QuoteLineGroupStore.swift */,
				A45F04AC204EF3D700074F13 /* OpportunityStore.swift */,
				A45F04AD204EF3D700074F13 /* LocalCartStore.swift */,
				A45F04AE204EF3D700074F13 /* AccountStore.swift */,
				A45F04AF204EF3D700074F13 /* PricebookStore.swift */,
				A406EAE4205F761F00E0A850 /* FavoritesStore.swift */,
				A406EAF520603FBB00E0A850 /* LocalOrderStore.swift */,
				A4914F7B2064C68300B8A022 /* UserStore.swift */,
			);
			path = Store;
			sourceTree = "<group>";
		};
		A45F04B3204EF3F100074F13 /* Base */ = {
			isa = PBXGroup;
			children = (
				A45F04B1204EF3F100074F13 /* Record.swift */,
				A45F04B2204EF3F100074F13 /* Store.swift */,
			);
			path = Base;
			sourceTree = "<group>";
		};
		A4914F722060E63B00B8A022 /* Helper */ = {
			isa = PBXGroup;
			children = (
				A4914F732060E64700B8A022 /* ImageCache.swift */,
				A4914F772060E70800B8A022 /* UIImageViewExtension.swift */,
			);
			path = Helper;
			sourceTree = "<group>";
		};
		D51C24D9C0F42A32440DAE8E /* Frameworks */ = {
			isa = PBXGroup;
			children = (
				661B2FE672BE3D118953E48E /* Pods_Common.framework */,
			);
			name = Frameworks;
			sourceTree = "<group>";
		};
/* End PBXGroup section */

/* Begin PBXHeadersBuildPhase section */
		A45F0469204EF32A00074F13 /* Headers */ = {
			isa = PBXHeadersBuildPhase;
			buildActionMask = 2147483647;
			files = (
				A45F047D204EF32A00074F13 /* Common.h in Headers */,
			);
			runOnlyForDeploymentPostprocessing = 0;
		};
/* End PBXHeadersBuildPhase section */

/* Begin PBXNativeTarget section */
		A45F046B204EF32A00074F13 /* Common */ = {
			isa = PBXNativeTarget;
			buildConfigurationList = A45F0480204EF32A00074F13 /* Build configuration list for PBXNativeTarget "Common" */;
			buildPhases = (
				10E4CE3629C6AE27688F6D85 /* [CP] Check Pods Manifest.lock */,
				A45F0467204EF32A00074F13 /* Sources */,
				A45F0468204EF32A00074F13 /* Frameworks */,
				A45F0469204EF32A00074F13 /* Headers */,
				A45F046A204EF32A00074F13 /* Resources */,
				54F55E2247946403010A1E21 /* [CP] Copy Pods Resources */,
			);
			buildRules = (
			);
			dependencies = (
			);
			name = Common;
			productName = Common;
			productReference = A45F046C204EF32A00074F13 /* Common.framework */;
			productType = "com.apple.product-type.framework";
		};
		A45F0474204EF32A00074F13 /* CommonTests */ = {
			isa = PBXNativeTarget;
			buildConfigurationList = A45F0483204EF32A00074F13 /* Build configuration list for PBXNativeTarget "CommonTests" */;
			buildPhases = (
				A45F0471204EF32A00074F13 /* Sources */,
				A45F0472204EF32A00074F13 /* Frameworks */,
				A45F0473204EF32A00074F13 /* Resources */,
			);
			buildRules = (
			);
			dependencies = (
				A45F0478204EF32A00074F13 /* PBXTargetDependency */,
			);
			name = CommonTests;
			productName = CommonTests;
			productReference = A45F0475204EF32A00074F13 /* CommonTests.xctest */;
			productType = "com.apple.product-type.bundle.unit-test";
		};
/* End PBXNativeTarget section */

/* Begin PBXProject section */
		A45F0463204EF32A00074F13 /* Project object */ = {
			isa = PBXProject;
			attributes = {
				LastSwiftUpdateCheck = 0920;
				LastUpgradeCheck = 0920;
				ORGANIZATIONNAME = Salesforce;
				TargetAttributes = {
					A45F046B204EF32A00074F13 = {
						CreatedOnToolsVersion = 9.2;
						ProvisioningStyle = Automatic;
					};
					A45F0474204EF32A00074F13 = {
						CreatedOnToolsVersion = 9.2;
						ProvisioningStyle = Automatic;
					};
				};
			};
			buildConfigurationList = A45F0466204EF32A00074F13 /* Build configuration list for PBXProject "Common" */;
			compatibilityVersion = "Xcode 8.0";
			developmentRegion = en;
			hasScannedForEncodings = 0;
			knownRegions = (
				en,
			);
			mainGroup = A45F0462204EF32A00074F13;
			productRefGroup = A45F046D204EF32A00074F13 /* Products */;
			projectDirPath = "";
			projectRoot = "";
			targets = (
				A45F046B204EF32A00074F13 /* Common */,
				A45F0474204EF32A00074F13 /* CommonTests */,
			);
		};
/* End PBXProject section */

/* Begin PBXResourcesBuildPhase section */
		A45F046A204EF32A00074F13 /* Resources */ = {
			isa = PBXResourcesBuildPhase;
			buildActionMask = 2147483647;
			files = (
			);
			runOnlyForDeploymentPostprocessing = 0;
		};
		A45F0473204EF32A00074F13 /* Resources */ = {
			isa = PBXResourcesBuildPhase;
			buildActionMask = 2147483647;
			files = (
			);
			runOnlyForDeploymentPostprocessing = 0;
		};
/* End PBXResourcesBuildPhase section */

/* Begin PBXShellScriptBuildPhase section */
		10E4CE3629C6AE27688F6D85 /* [CP] Check Pods Manifest.lock */ = {
			isa = PBXShellScriptBuildPhase;
			buildActionMask = 2147483647;
			files = (
			);
			inputPaths = (
			);
			name = "[CP] Check Pods Manifest.lock";
			outputPaths = (
			);
			runOnlyForDeploymentPostprocessing = 0;
			shellPath = /bin/sh;
			shellScript = "diff \"${PODS_ROOT}/../Podfile.lock\" \"${PODS_ROOT}/Manifest.lock\" > /dev/null\nif [ $? != 0 ] ; then\n    # print error to STDERR\n    echo \"error: The sandbox is not in sync with the Podfile.lock. Run 'pod install' or update your CocoaPods installation.\" >&2\n    exit 1\nfi\n";
			showEnvVarsInLog = 0;
		};
		54F55E2247946403010A1E21 /* [CP] Copy Pods Resources */ = {
			isa = PBXShellScriptBuildPhase;
			buildActionMask = 2147483647;
			files = (
			);
			inputPaths = (
			);
			name = "[CP] Copy Pods Resources";
			outputPaths = (
			);
			runOnlyForDeploymentPostprocessing = 0;
			shellPath = /bin/sh;
			shellScript = "\"${SRCROOT}/../Pods/Target Support Files/Pods-Common/Pods-Common-resources.sh\"\n";
			showEnvVarsInLog = 0;
		};
/* End PBXShellScriptBuildPhase section */

/* Begin PBXSourcesBuildPhase section */
		A45F0467204EF32A00074F13 /* Sources */ = {
			isa = PBXSourcesBuildPhase;
			buildActionMask = 2147483647;
			files = (
				A44358A7204F0E9600742823 /* ProductOptionStore.swift in Sources */,
				A44358B7204F0EC400742823 /* ProductFamily.swift in Sources */,
				A44358AB204F0EA100742823 /* QuoteLineItemStore.swift in Sources */,
				A406EAF820609C6300E0A850 /* LocalOrder.swift in Sources */,
				A44358B8204F0EC900742823 /* Theme.swift in Sources */,
				A44358AE204F0EAE00742823 /* LocalCartStore.swift in Sources */,
				A44358AF204F0EB000742823 /* AccountStore.swift in Sources */,
				A406EAE7205F763A00E0A850 /* UserFavorite.swift in Sources */,
				A44358B0204F0EB200742823 /* PricebookStore.swift in Sources */,
				A406EAE5205F761F00E0A850 /* FavoritesStore.swift in Sources */,
				A44358A6204F0E9400742823 /* ProductStore.swift in Sources */,
				A4914F782060E70800B8A022 /* UIImageViewExtension.swift in Sources */,
				A4914F7C2064C68300B8A022 /* UserStore.swift in Sources */,
				A44358B2204F0EB700742823 /* ProductCategoryAssociation.swift in Sources */,
				A44358AD204F0EAC00742823 /* OpportunityStore.swift in Sources */,
				A44358B1204F0EB400742823 /* ProductCategory.swift in Sources */,
				A44358AC204F0EA300742823 /* QuoteLineGroupStore.swift in Sources */,
				A44358A8204F0E9900742823 /* OrderStore.swift in Sources */,
				A44358BE204F0ED800742823 /* Opportunity.swift in Sources */,
				A4914F7A2064C26B00B8A022 /* User.swift in Sources */,
				A44358A2204F0E7200742823 /* Record.swift in Sources */,
				A44358BC204F0ED300742823 /* QuoteLineItem.swift in Sources */,
				A44358A5204F0E9100742823 /* ProductCategoryAssociationStore.swift in Sources */,
				A44358C2204F0EE300742823 /* Pricebook.swift in Sources */,
				A44358BA204F0ECE00742823 /* OrderItem.swift in Sources */,
				A44358BB204F0ED100742823 /* Quote.swift in Sources */,
				A44358C1204F0EE000742823 /* Account.swift in Sources */,
				A44358A4204F0E8E00742823 /* CategoryStore.swift in Sources */,
				A44358C0204F0EDE00742823 /* LocalProductOption.swift in Sources */,
				A4914F742060E64700B8A022 /* ImageCache.swift in Sources */,
				A44358BF204F0EDB00742823 /* LocalProductItem.swift in Sources */,
				A406EAF620603FBB00E0A850 /* LocalOrderStore.swift in Sources */,
				A44358B9204F0ECC00742823 /* Order.swift in Sources */,
				A44358A3204F0E8800742823 /* Store.swift in Sources */,
				A44358B5204F0EBD00742823 /* Product.swift in Sources */,
				A44358B6204F0EC000742823 /* ProductOption.swift in Sources */,
				A44358AA204F0E9E00742823 /* QuoteStore.swift in Sources */,
				A44358BD204F0ED600742823 /* QuoteLineGroup.swift in Sources */,
				A44358A9204F0E9C00742823 /* OrderItemStore.swift in Sources */,
			);
			runOnlyForDeploymentPostprocessing = 0;
		};
		A45F0471204EF32A00074F13 /* Sources */ = {
			isa = PBXSourcesBuildPhase;
			buildActionMask = 2147483647;
			files = (
				A45F047B204EF32A00074F13 /* CommonTests.swift in Sources */,
			);
			runOnlyForDeploymentPostprocessing = 0;
		};
/* End PBXSourcesBuildPhase section */

/* Begin PBXTargetDependency section */
		A45F0478204EF32A00074F13 /* PBXTargetDependency */ = {
			isa = PBXTargetDependency;
			target = A45F046B204EF32A00074F13 /* Common */;
			targetProxy = A45F0477204EF32A00074F13 /* PBXContainerItemProxy */;
		};
/* End PBXTargetDependency section */

/* Begin XCBuildConfiguration section */
		A45F047E204EF32A00074F13 /* Debug */ = {
			isa = XCBuildConfiguration;
			buildSettings = {
				ALWAYS_SEARCH_USER_PATHS = NO;
				CLANG_ANALYZER_NONNULL = YES;
				CLANG_ANALYZER_NUMBER_OBJECT_CONVERSION = YES_AGGRESSIVE;
				CLANG_CXX_LANGUAGE_STANDARD = "gnu++14";
				CLANG_CXX_LIBRARY = "libc++";
				CLANG_ENABLE_MODULES = YES;
				CLANG_ENABLE_OBJC_ARC = YES;
				CLANG_WARN_BLOCK_CAPTURE_AUTORELEASING = YES;
				CLANG_WARN_BOOL_CONVERSION = YES;
				CLANG_WARN_COMMA = YES;
				CLANG_WARN_CONSTANT_CONVERSION = YES;
				CLANG_WARN_DIRECT_OBJC_ISA_USAGE = YES_ERROR;
				CLANG_WARN_DOCUMENTATION_COMMENTS = YES;
				CLANG_WARN_EMPTY_BODY = YES;
				CLANG_WARN_ENUM_CONVERSION = YES;
				CLANG_WARN_INFINITE_RECURSION = YES;
				CLANG_WARN_INT_CONVERSION = YES;
				CLANG_WARN_NON_LITERAL_NULL_CONVERSION = YES;
				CLANG_WARN_OBJC_LITERAL_CONVERSION = YES;
				CLANG_WARN_OBJC_ROOT_CLASS = YES_ERROR;
				CLANG_WARN_RANGE_LOOP_ANALYSIS = YES;
				CLANG_WARN_STRICT_PROTOTYPES = YES;
				CLANG_WARN_SUSPICIOUS_MOVE = YES;
				CLANG_WARN_UNGUARDED_AVAILABILITY = YES_AGGRESSIVE;
				CLANG_WARN_UNREACHABLE_CODE = YES;
				CLANG_WARN__DUPLICATE_METHOD_MATCH = YES;
				CODE_SIGN_IDENTITY = "iPhone Developer";
				COPY_PHASE_STRIP = NO;
				CURRENT_PROJECT_VERSION = 1;
				DEBUG_INFORMATION_FORMAT = dwarf;
				ENABLE_STRICT_OBJC_MSGSEND = YES;
				ENABLE_TESTABILITY = YES;
				GCC_C_LANGUAGE_STANDARD = gnu11;
				GCC_DYNAMIC_NO_PIC = NO;
				GCC_NO_COMMON_BLOCKS = YES;
				GCC_OPTIMIZATION_LEVEL = 0;
				GCC_PREPROCESSOR_DEFINITIONS = (
					"DEBUG=1",
					"$(inherited)",
				);
				GCC_WARN_64_TO_32_BIT_CONVERSION = YES;
				GCC_WARN_ABOUT_RETURN_TYPE = YES_ERROR;
				GCC_WARN_UNDECLARED_SELECTOR = YES;
				GCC_WARN_UNINITIALIZED_AUTOS = YES_AGGRESSIVE;
				GCC_WARN_UNUSED_FUNCTION = YES;
				GCC_WARN_UNUSED_VARIABLE = YES;
				IPHONEOS_DEPLOYMENT_TARGET = 11.2;
				MTL_ENABLE_DEBUG_INFO = YES;
				ONLY_ACTIVE_ARCH = YES;
				SDKROOT = iphoneos;
				SWIFT_ACTIVE_COMPILATION_CONDITIONS = DEBUG;
				SWIFT_OPTIMIZATION_LEVEL = "-Onone";
				VERSIONING_SYSTEM = "apple-generic";
				VERSION_INFO_PREFIX = "";
			};
			name = Debug;
		};
		A45F047F204EF32A00074F13 /* Release */ = {
			isa = XCBuildConfiguration;
			buildSettings = {
				ALWAYS_SEARCH_USER_PATHS = NO;
				CLANG_ANALYZER_NONNULL = YES;
				CLANG_ANALYZER_NUMBER_OBJECT_CONVERSION = YES_AGGRESSIVE;
				CLANG_CXX_LANGUAGE_STANDARD = "gnu++14";
				CLANG_CXX_LIBRARY = "libc++";
				CLANG_ENABLE_MODULES = YES;
				CLANG_ENABLE_OBJC_ARC = YES;
				CLANG_WARN_BLOCK_CAPTURE_AUTORELEASING = YES;
				CLANG_WARN_BOOL_CONVERSION = YES;
				CLANG_WARN_COMMA = YES;
				CLANG_WARN_CONSTANT_CONVERSION = YES;
				CLANG_WARN_DIRECT_OBJC_ISA_USAGE = YES_ERROR;
				CLANG_WARN_DOCUMENTATION_COMMENTS = YES;
				CLANG_WARN_EMPTY_BODY = YES;
				CLANG_WARN_ENUM_CONVERSION = YES;
				CLANG_WARN_INFINITE_RECURSION = YES;
				CLANG_WARN_INT_CONVERSION = YES;
				CLANG_WARN_NON_LITERAL_NULL_CONVERSION = YES;
				CLANG_WARN_OBJC_LITERAL_CONVERSION = YES;
				CLANG_WARN_OBJC_ROOT_CLASS = YES_ERROR;
				CLANG_WARN_RANGE_LOOP_ANALYSIS = YES;
				CLANG_WARN_STRICT_PROTOTYPES = YES;
				CLANG_WARN_SUSPICIOUS_MOVE = YES;
				CLANG_WARN_UNGUARDED_AVAILABILITY = YES_AGGRESSIVE;
				CLANG_WARN_UNREACHABLE_CODE = YES;
				CLANG_WARN__DUPLICATE_METHOD_MATCH = YES;
				CODE_SIGN_IDENTITY = "iPhone Developer";
				COPY_PHASE_STRIP = NO;
				CURRENT_PROJECT_VERSION = 1;
				DEBUG_INFORMATION_FORMAT = "dwarf-with-dsym";
				ENABLE_NS_ASSERTIONS = NO;
				ENABLE_STRICT_OBJC_MSGSEND = YES;
				GCC_C_LANGUAGE_STANDARD = gnu11;
				GCC_NO_COMMON_BLOCKS = YES;
				GCC_WARN_64_TO_32_BIT_CONVERSION = YES;
				GCC_WARN_ABOUT_RETURN_TYPE = YES_ERROR;
				GCC_WARN_UNDECLARED_SELECTOR = YES;
				GCC_WARN_UNINITIALIZED_AUTOS = YES_AGGRESSIVE;
				GCC_WARN_UNUSED_FUNCTION = YES;
				GCC_WARN_UNUSED_VARIABLE = YES;
				IPHONEOS_DEPLOYMENT_TARGET = 11.2;
				MTL_ENABLE_DEBUG_INFO = NO;
				SDKROOT = iphoneos;
				SWIFT_OPTIMIZATION_LEVEL = "-Owholemodule";
				VALIDATE_PRODUCT = YES;
				VERSIONING_SYSTEM = "apple-generic";
				VERSION_INFO_PREFIX = "";
			};
			name = Release;
		};
		A45F0481204EF32A00074F13 /* Debug */ = {
			isa = XCBuildConfiguration;
			baseConfigurationReference = D8A59606D512305542C20892 /* Pods-Common.debug.xcconfig */;
			buildSettings = {
				CODE_SIGN_IDENTITY = "";
				CODE_SIGN_STYLE = Automatic;
				DEFINES_MODULE = YES;
				DYLIB_COMPATIBILITY_VERSION = 1;
				DYLIB_CURRENT_VERSION = 1;
				DYLIB_INSTALL_NAME_BASE = "@rpath";
				INFOPLIST_FILE = Common/Info.plist;
				INSTALL_PATH = "$(LOCAL_LIBRARY_DIR)/Frameworks";
				LD_RUNPATH_SEARCH_PATHS = "$(inherited) @executable_path/Frameworks @loader_path/Frameworks";
				PRODUCT_BUNDLE_IDENTIFIER = com.salesforce.barista.Common;
				PRODUCT_NAME = "$(TARGET_NAME:c99extidentifier)";
				SKIP_INSTALL = YES;
				SWIFT_VERSION = 4.0;
				TARGETED_DEVICE_FAMILY = "1,2";
			};
			name = Debug;
		};
		A45F0482204EF32A00074F13 /* Release */ = {
			isa = XCBuildConfiguration;
			baseConfigurationReference = AD97E12B52DB1BCC14E2BA20 /* Pods-Common.release.xcconfig */;
			buildSettings = {
				CODE_SIGN_IDENTITY = "";
				CODE_SIGN_STYLE = Automatic;
				DEFINES_MODULE = YES;
				DYLIB_COMPATIBILITY_VERSION = 1;
				DYLIB_CURRENT_VERSION = 1;
				DYLIB_INSTALL_NAME_BASE = "@rpath";
				INFOPLIST_FILE = Common/Info.plist;
				INSTALL_PATH = "$(LOCAL_LIBRARY_DIR)/Frameworks";
				LD_RUNPATH_SEARCH_PATHS = "$(inherited) @executable_path/Frameworks @loader_path/Frameworks";
				PRODUCT_BUNDLE_IDENTIFIER = com.salesforce.barista.Common;
				PRODUCT_NAME = "$(TARGET_NAME:c99extidentifier)";
				SKIP_INSTALL = YES;
				SWIFT_VERSION = 4.0;
				TARGETED_DEVICE_FAMILY = "1,2";
			};
			name = Release;
		};
		A45F0484204EF32A00074F13 /* Debug */ = {
			isa = XCBuildConfiguration;
			buildSettings = {
				ALWAYS_EMBED_SWIFT_STANDARD_LIBRARIES = YES;
				CODE_SIGN_STYLE = Automatic;
				INFOPLIST_FILE = CommonTests/Info.plist;
				LD_RUNPATH_SEARCH_PATHS = "$(inherited) @executable_path/Frameworks @loader_path/Frameworks";
				PRODUCT_BUNDLE_IDENTIFIER = com.salesforce.barista.CommonTests;
				PRODUCT_NAME = "$(TARGET_NAME)";
				SWIFT_VERSION = 4.0;
				TARGETED_DEVICE_FAMILY = "1,2";
			};
			name = Debug;
		};
		A45F0485204EF32A00074F13 /* Release */ = {
			isa = XCBuildConfiguration;
			buildSettings = {
				ALWAYS_EMBED_SWIFT_STANDARD_LIBRARIES = YES;
				CODE_SIGN_STYLE = Automatic;
				INFOPLIST_FILE = CommonTests/Info.plist;
				LD_RUNPATH_SEARCH_PATHS = "$(inherited) @executable_path/Frameworks @loader_path/Frameworks";
				PRODUCT_BUNDLE_IDENTIFIER = com.salesforce.barista.CommonTests;
				PRODUCT_NAME = "$(TARGET_NAME)";
				SWIFT_VERSION = 4.0;
				TARGETED_DEVICE_FAMILY = "1,2";
			};
			name = Release;
		};
/* End XCBuildConfiguration section */

/* Begin XCConfigurationList section */
		A45F0466204EF32A00074F13 /* Build configuration list for PBXProject "Common" */ = {
			isa = XCConfigurationList;
			buildConfigurations = (
				A45F047E204EF32A00074F13 /* Debug */,
				A45F047F204EF32A00074F13 /* Release */,
			);
			defaultConfigurationIsVisible = 0;
			defaultConfigurationName = Release;
		};
		A45F0480204EF32A00074F13 /* Build configuration list for PBXNativeTarget "Common" */ = {
			isa = XCConfigurationList;
			buildConfigurations = (
				A45F0481204EF32A00074F13 /* Debug */,
				A45F0482204EF32A00074F13 /* Release */,
			);
			defaultConfigurationIsVisible = 0;
			defaultConfigurationName = Release;
		};
		A45F0483204EF32A00074F13 /* Build configuration list for PBXNativeTarget "CommonTests" */ = {
			isa = XCConfigurationList;
			buildConfigurations = (
				A45F0484204EF32A00074F13 /* Debug */,
				A45F0485204EF32A00074F13 /* Release */,
			);
			defaultConfigurationIsVisible = 0;
			defaultConfigurationName = Release;
		};
/* End XCConfigurationList section */
	};
	rootObject = A45F0463204EF32A00074F13 /* Project object */;
}
