// !$*UTF8*$!
{
	archiveVersion = 1;
	classes = {
	};
	objectVersion = 48;
	objects = {

/* Begin PBXBuildFile section */
		586B897C24BAAF7812576C33 /* Pods_Consumer.framework in Frameworks */ = {isa = PBXBuildFile; fileRef = 404B08755157B08E53A42453 /* Pods_Consumer.framework */; };
		A406EAB920570DBB00E0A850 /* StringExtension.swift in Sources */ = {isa = PBXBuildFile; fileRef = A406EAB820570DBB00E0A850 /* StringExtension.swift */; };
		A406EAE9205F7F9600E0A850 /* FavoritesViewController.swift in Sources */ = {isa = PBXBuildFile; fileRef = A406EAE8205F7F9600E0A850 /* FavoritesViewController.swift */; };
		A406EAEB205F986D00E0A850 /* AccountHeaderView.swift in Sources */ = {isa = PBXBuildFile; fileRef = A406EAEA205F986D00E0A850 /* AccountHeaderView.swift */; };
		A406EAED205F99F400E0A850 /* AccountTableViewCell.swift in Sources */ = {isa = PBXBuildFile; fileRef = A406EAEC205F99F400E0A850 /* AccountTableViewCell.swift */; };
		A43574292042836400F6C040 /* SyncProgressViewController.swift in Sources */ = {isa = PBXBuildFile; fileRef = A43574282042836400F6C040 /* SyncProgressViewController.swift */; };
		A435742B2042847300F6C040 /* PercentLine.swift in Sources */ = {isa = PBXBuildFile; fileRef = A435742A2042847300F6C040 /* PercentLine.swift */; };
		A435742E204291C700F6C040 /* AnimationHelpers.swift in Sources */ = {isa = PBXBuildFile; fileRef = A435742D204291C700F6C040 /* AnimationHelpers.swift */; };
		A45F03BC204E4A3A00074F13 /* ActivityIndicatorView.swift in Sources */ = {isa = PBXBuildFile; fileRef = A45F03BB204E4A3A00074F13 /* ActivityIndicatorView.swift */; };
		A45F0487204EF36100074F13 /* Common.framework in Frameworks */ = {isa = PBXBuildFile; fileRef = A45F0486204EF36100074F13 /* Common.framework */; };
		A45F0488204EF36100074F13 /* Common.framework in Embed Frameworks */ = {isa = PBXBuildFile; fileRef = A45F0486204EF36100074F13 /* Common.framework */; settings = {ATTRIBUTES = (CodeSignOnCopy, RemoveHeadersOnCopy, ); }; };
		A468710D201A514C00096408 /* AppDelegate.swift in Sources */ = {isa = PBXBuildFile; fileRef = A468710C201A514C00096408 /* AppDelegate.swift */; };
		A468710F201A514C00096408 /* InitialViewController.swift in Sources */ = {isa = PBXBuildFile; fileRef = A468710E201A514C00096408 /* InitialViewController.swift */; };
		A4687114201A514C00096408 /* Assets.xcassets in Resources */ = {isa = PBXBuildFile; fileRef = A4687113201A514C00096408 /* Assets.xcassets */; };
		A4687117201A514C00096408 /* LaunchScreen.storyboard in Resources */ = {isa = PBXBuildFile; fileRef = A4687115201A514C00096408 /* LaunchScreen.storyboard */; };
		A4687122201A514D00096408 /* ConsumerTests.swift in Sources */ = {isa = PBXBuildFile; fileRef = A4687121201A514D00096408 /* ConsumerTests.swift */; };
		A4B5E0B52033EB1D00C62C69 /* ProductConfigureTableViewCell.swift in Sources */ = {isa = PBXBuildFile; fileRef = A4B5E0B42033EB1D00C62C69 /* ProductConfigureTableViewCell.swift */; };
		A4B5E0B720341B4200C62C69 /* GradientView.swift in Sources */ = {isa = PBXBuildFile; fileRef = A4B5E0B620341B4200C62C69 /* GradientView.swift */; };
		A4B8C460202A1392004176A1 /* OrderMainCollectionViewLayout.swift in Sources */ = {isa = PBXBuildFile; fileRef = A4B8C45F202A1392004176A1 /* OrderMainCollectionViewLayout.swift */; };
		A4B9A1B6203AB534004D2519 /* ListItemControl.swift in Sources */ = {isa = PBXBuildFile; fileRef = A4B9A1B5203AB534004D2519 /* ListItemControl.swift */; };
		A4B9A1B8203BC5BB004D2519 /* ProductConfigureStoryboard.storyboard in Resources */ = {isa = PBXBuildFile; fileRef = A4B9A1B7203BC5BB004D2519 /* ProductConfigureStoryboard.storyboard */; };
		A4B9A1BA203CAF6B004D2519 /* BaseViewController.swift in Sources */ = {isa = PBXBuildFile; fileRef = A4B9A1B9203CAF6B004D2519 /* BaseViewController.swift */; };
		A4ED9C282035E56500E52F58 /* SliderControl.swift in Sources */ = {isa = PBXBuildFile; fileRef = A4ED9C272035E56500E52F58 /* SliderControl.swift */; };
		A4ED9C2A2035E57400E52F58 /* IncrementControl.swift in Sources */ = {isa = PBXBuildFile; fileRef = A4ED9C292035E57400E52F58 /* IncrementControl.swift */; };
		A4ED9C2C2035E7E600E52F58 /* ProductConfigControlBase.swift in Sources */ = {isa = PBXBuildFile; fileRef = A4ED9C2B2035E7E600E52F58 /* ProductConfigControlBase.swift */; };
		A4FA2DC12031764E00DCCC72 /* CartViewController.swift in Sources */ = {isa = PBXBuildFile; fileRef = A4FA2DC02031764E00DCCC72 /* CartViewController.swift */; };
		A4FA2DC320324A1700DCCC72 /* CartItemTableViewCell.swift in Sources */ = {isa = PBXBuildFile; fileRef = A4FA2DC220324A1700DCCC72 /* CartItemTableViewCell.swift */; };
		A4FA2DC520324A4300DCCC72 /* CartHeaderView.swift in Sources */ = {isa = PBXBuildFile; fileRef = A4FA2DC420324A4300DCCC72 /* CartHeaderView.swift */; };
		A4FA2DF12033736500DCCC72 /* CartFooterView.swift in Sources */ = {isa = PBXBuildFile; fileRef = A4FA2DF02033736500DCCC72 /* CartFooterView.swift */; };
		EEA6EC8E202112DC00E04FFD /* RootStoryboard.storyboard in Resources */ = {isa = PBXBuildFile; fileRef = EEA6EC8D202112DC00E04FFD /* RootStoryboard.storyboard */; };
		EEA6EC902021166C00E04FFD /* OrderMainStoryboard.storyboard in Resources */ = {isa = PBXBuildFile; fileRef = EEA6EC8F2021166C00E04FFD /* OrderMainStoryboard.storyboard */; };
		EEA6EC9320221D7B00E04FFD /* OrderMainViewController.swift in Sources */ = {isa = PBXBuildFile; fileRef = EEA6EC9220221D7B00E04FFD /* OrderMainViewController.swift */; };
		EEA6EC9520221FD300E04FFD /* CategoryCollectionViewCell.swift in Sources */ = {isa = PBXBuildFile; fileRef = EEA6EC9420221FD300E04FFD /* CategoryCollectionViewCell.swift */; };
		EEA6EC972022236500E04FFD /* ProductStoryboard.storyboard in Resources */ = {isa = PBXBuildFile; fileRef = EEA6EC962022236500E04FFD /* ProductStoryboard.storyboard */; };
		EEA6EC992022237F00E04FFD /* ProductViewController.swift in Sources */ = {isa = PBXBuildFile; fileRef = EEA6EC982022237F00E04FFD /* ProductViewController.swift */; };
		EEA6EC9F2024FB9D00E04FFD /* FavoritesStoryboard.storyboard in Resources */ = {isa = PBXBuildFile; fileRef = EEA6EC9E2024FB9D00E04FFD /* FavoritesStoryboard.storyboard */; };
		EEA6ECA12024FBFC00E04FFD /* FeaturedStoryboard.storyboard in Resources */ = {isa = PBXBuildFile; fileRef = EEA6ECA02024FBFC00E04FFD /* FeaturedStoryboard.storyboard */; };
		EEA6ECA32024FC0600E04FFD /* AccountStoryboard.storyboard in Resources */ = {isa = PBXBuildFile; fileRef = EEA6ECA22024FC0600E04FFD /* AccountStoryboard.storyboard */; };
		EEA6ECA92028E29D00E04FFD /* AccountViewController.swift in Sources */ = {isa = PBXBuildFile; fileRef = EEA6ECA82028E29D00E04FFD /* AccountViewController.swift */; };
		EEA6ECAB2028F06F00E04FFD /* ProductTableViewCell.swift in Sources */ = {isa = PBXBuildFile; fileRef = EEA6ECAA2028F06F00E04FFD /* ProductTableViewCell.swift */; };
		EEA6ECAF202A35A400E04FFD /* FeaturedViewController.swift in Sources */ = {isa = PBXBuildFile; fileRef = EEA6ECAE202A35A400E04FFD /* FeaturedViewController.swift */; };
		EEA6ECB2202A373900E04FFD /* FeaturedProductTableViewCell.swift in Sources */ = {isa = PBXBuildFile; fileRef = EEA6ECB1202A373900E04FFD /* FeaturedProductTableViewCell.swift */; };
		EEA6ECB8202B705100E04FFD /* ProductConfigureViewController.swift in Sources */ = {isa = PBXBuildFile; fileRef = EEA6ECB7202B705100E04FFD /* ProductConfigureViewController.swift */; };
		EEA6ECBC202B782C00E04FFD /* UIViewExtension.swift in Sources */ = {isa = PBXBuildFile; fileRef = EEA6ECBB202B782C00E04FFD /* UIViewExtension.swift */; };
		EEA6ECC0202BA36100E04FFD /* BaseTableViewCell.swift in Sources */ = {isa = PBXBuildFile; fileRef = EEA6ECBF202BA36100E04FFD /* BaseTableViewCell.swift */; };
		EEB4A8B52037471200745515 /* UIButtonExtension.swift in Sources */ = {isa = PBXBuildFile; fileRef = EEB4A8B42037471200745515 /* UIButtonExtension.swift */; };
/* End PBXBuildFile section */

/* Begin PBXContainerItemProxy section */
		A468711E201A514D00096408 /* PBXContainerItemProxy */ = {
			isa = PBXContainerItemProxy;
			containerPortal = A4687101201A514C00096408 /* Project object */;
			proxyType = 1;
			remoteGlobalIDString = A4687108201A514C00096408;
			remoteInfo = Consumer;
		};
/* End PBXContainerItemProxy section */

/* Begin PBXCopyFilesBuildPhase section */
		A45F0489204EF36200074F13 /* Embed Frameworks */ = {
			isa = PBXCopyFilesBuildPhase;
			buildActionMask = 2147483647;
			dstPath = "";
			dstSubfolderSpec = 10;
			files = (
				A45F0488204EF36100074F13 /* Common.framework in Embed Frameworks */,
			);
			name = "Embed Frameworks";
			runOnlyForDeploymentPostprocessing = 0;
		};
/* End PBXCopyFilesBuildPhase section */

/* Begin PBXFileReference section */
		2B0262060C853D6DF04654D7 /* Pods-Consumer.release.xcconfig */ = {isa = PBXFileReference; includeInIndex = 1; lastKnownFileType = text.xcconfig; name = "Pods-Consumer.release.xcconfig"; path = "../Pods/Target Support Files/Pods-Consumer/Pods-Consumer.release.xcconfig"; sourceTree = "<group>"; };
		404B08755157B08E53A42453 /* Pods_Consumer.framework */ = {isa = PBXFileReference; explicitFileType = wrapper.framework; includeInIndex = 0; path = Pods_Consumer.framework; sourceTree = BUILT_PRODUCTS_DIR; };
		4BD3A2E44F8D6A6A1571065C /* Pods-Consumer.debug.xcconfig */ = {isa = PBXFileReference; includeInIndex = 1; lastKnownFileType = text.xcconfig; name = "Pods-Consumer.debug.xcconfig"; path = "../Pods/Target Support Files/Pods-Consumer/Pods-Consumer.debug.xcconfig"; sourceTree = "<group>"; };
		A406EAB820570DBB00E0A850 /* StringExtension.swift */ = {isa = PBXFileReference; lastKnownFileType = sourcecode.swift; path = StringExtension.swift; sourceTree = "<group>"; };
		A406EAE8205F7F9600E0A850 /* FavoritesViewController.swift */ = {isa = PBXFileReference; lastKnownFileType = sourcecode.swift; path = FavoritesViewController.swift; sourceTree = "<group>"; };
		A406EAEA205F986D00E0A850 /* AccountHeaderView.swift */ = {isa = PBXFileReference; lastKnownFileType = sourcecode.swift; path = AccountHeaderView.swift; sourceTree = "<group>"; };
		A406EAEC205F99F400E0A850 /* AccountTableViewCell.swift */ = {isa = PBXFileReference; lastKnownFileType = sourcecode.swift; path = AccountTableViewCell.swift; sourceTree = "<group>"; };
		A43574282042836400F6C040 /* SyncProgressViewController.swift */ = {isa = PBXFileReference; lastKnownFileType = sourcecode.swift; path = SyncProgressViewController.swift; sourceTree = "<group>"; };
		A435742A2042847300F6C040 /* PercentLine.swift */ = {isa = PBXFileReference; lastKnownFileType = sourcecode.swift; path = PercentLine.swift; sourceTree = "<group>"; };
		A435742D204291C700F6C040 /* AnimationHelpers.swift */ = {isa = PBXFileReference; lastKnownFileType = sourcecode.swift; path = AnimationHelpers.swift; sourceTree = "<group>"; };
		A45F03BB204E4A3A00074F13 /* ActivityIndicatorView.swift */ = {isa = PBXFileReference; lastKnownFileType = sourcecode.swift; path = ActivityIndicatorView.swift; sourceTree = "<group>"; };
		A45F0486204EF36100074F13 /* Common.framework */ = {isa = PBXFileReference; explicitFileType = wrapper.framework; path = Common.framework; sourceTree = BUILT_PRODUCTS_DIR; };
		A4687109201A514C00096408 /* Consumer.app */ = {isa = PBXFileReference; explicitFileType = wrapper.application; includeInIndex = 0; path = Consumer.app; sourceTree = BUILT_PRODUCTS_DIR; };
		A468710C201A514C00096408 /* AppDelegate.swift */ = {isa = PBXFileReference; lastKnownFileType = sourcecode.swift; path = AppDelegate.swift; sourceTree = "<group>"; };
		A468710E201A514C00096408 /* InitialViewController.swift */ = {isa = PBXFileReference; lastKnownFileType = sourcecode.swift; path = InitialViewController.swift; sourceTree = "<group>"; };
		A4687113201A514C00096408 /* Assets.xcassets */ = {isa = PBXFileReference; lastKnownFileType = folder.assetcatalog; path = Assets.xcassets; sourceTree = "<group>"; };
		A4687116201A514C00096408 /* Base */ = {isa = PBXFileReference; lastKnownFileType = file.storyboard; name = Base; path = Base.lproj/LaunchScreen.storyboard; sourceTree = "<group>"; };
		A4687118201A514C00096408 /* Info.plist */ = {isa = PBXFileReference; lastKnownFileType = text.plist.xml; path = Info.plist; sourceTree = "<group>"; };
		A468711D201A514D00096408 /* ConsumerTests.xctest */ = {isa = PBXFileReference; explicitFileType = wrapper.cfbundle; includeInIndex = 0; path = ConsumerTests.xctest; sourceTree = BUILT_PRODUCTS_DIR; };
		A4687121201A514D00096408 /* ConsumerTests.swift */ = {isa = PBXFileReference; lastKnownFileType = sourcecode.swift; path = ConsumerTests.swift; sourceTree = "<group>"; };
		A4687123201A514D00096408 /* Info.plist */ = {isa = PBXFileReference; lastKnownFileType = text.plist.xml; path = Info.plist; sourceTree = "<group>"; };
		A4B5E0B42033EB1D00C62C69 /* ProductConfigureTableViewCell.swift */ = {isa = PBXFileReference; lastKnownFileType = sourcecode.swift; path = ProductConfigureTableViewCell.swift; sourceTree = "<group>"; };
		A4B5E0B620341B4200C62C69 /* GradientView.swift */ = {isa = PBXFileReference; lastKnownFileType = sourcecode.swift; path = GradientView.swift; sourceTree = "<group>"; };
		A4B8C45F202A1392004176A1 /* OrderMainCollectionViewLayout.swift */ = {isa = PBXFileReference; lastKnownFileType = sourcecode.swift; path = OrderMainCollectionViewLayout.swift; sourceTree = "<group>"; };
		A4B9A1B5203AB534004D2519 /* ListItemControl.swift */ = {isa = PBXFileReference; lastKnownFileType = sourcecode.swift; path = ListItemControl.swift; sourceTree = "<group>"; };
		A4B9A1B7203BC5BB004D2519 /* ProductConfigureStoryboard.storyboard */ = {isa = PBXFileReference; fileEncoding = 4; lastKnownFileType = file.storyboard; path = ProductConfigureStoryboard.storyboard; sourceTree = "<group>"; };
		A4B9A1B9203CAF6B004D2519 /* BaseViewController.swift */ = {isa = PBXFileReference; lastKnownFileType = sourcecode.swift; path = BaseViewController.swift; sourceTree = "<group>"; };
		A4ED9C272035E56500E52F58 /* SliderControl.swift */ = {isa = PBXFileReference; lastKnownFileType = sourcecode.swift; path = SliderControl.swift; sourceTree = "<group>"; };
		A4ED9C292035E57400E52F58 /* IncrementControl.swift */ = {isa = PBXFileReference; lastKnownFileType = sourcecode.swift; path = IncrementControl.swift; sourceTree = "<group>"; };
		A4ED9C2B2035E7E600E52F58 /* ProductConfigControlBase.swift */ = {isa = PBXFileReference; lastKnownFileType = sourcecode.swift; path = ProductConfigControlBase.swift; sourceTree = "<group>"; };
		A4FA2DC02031764E00DCCC72 /* CartViewController.swift */ = {isa = PBXFileReference; lastKnownFileType = sourcecode.swift; path = CartViewController.swift; sourceTree = "<group>"; };
		A4FA2DC220324A1700DCCC72 /* CartItemTableViewCell.swift */ = {isa = PBXFileReference; lastKnownFileType = sourcecode.swift; path = CartItemTableViewCell.swift; sourceTree = "<group>"; };
		A4FA2DC420324A4300DCCC72 /* CartHeaderView.swift */ = {isa = PBXFileReference; lastKnownFileType = sourcecode.swift; path = CartHeaderView.swift; sourceTree = "<group>"; };
		A4FA2DF02033736500DCCC72 /* CartFooterView.swift */ = {isa = PBXFileReference; lastKnownFileType = sourcecode.swift; path = CartFooterView.swift; sourceTree = "<group>"; };
		EEA6EC8D202112DC00E04FFD /* RootStoryboard.storyboard */ = {isa = PBXFileReference; lastKnownFileType = file.storyboard; name = RootStoryboard.storyboard; path = Consumer/View/RootStoryboard.storyboard; sourceTree = SOURCE_ROOT; };
		EEA6EC8F2021166C00E04FFD /* OrderMainStoryboard.storyboard */ = {isa = PBXFileReference; lastKnownFileType = file.storyboard; name = OrderMainStoryboard.storyboard; path = Consumer/View/OrderMainStoryboard.storyboard; sourceTree = SOURCE_ROOT; };
		EEA6EC9220221D7B00E04FFD /* OrderMainViewController.swift */ = {isa = PBXFileReference; lastKnownFileType = sourcecode.swift; path = OrderMainViewController.swift; sourceTree = "<group>"; };
		EEA6EC9420221FD300E04FFD /* CategoryCollectionViewCell.swift */ = {isa = PBXFileReference; lastKnownFileType = sourcecode.swift; path = CategoryCollectionViewCell.swift; sourceTree = "<group>"; };
		EEA6EC962022236500E04FFD /* ProductStoryboard.storyboard */ = {isa = PBXFileReference; lastKnownFileType = file.storyboard; path = ProductStoryboard.storyboard; sourceTree = "<group>"; };
		EEA6EC982022237F00E04FFD /* ProductViewController.swift */ = {isa = PBXFileReference; lastKnownFileType = sourcecode.swift; path = ProductViewController.swift; sourceTree = "<group>"; };
		EEA6EC9E2024FB9D00E04FFD /* FavoritesStoryboard.storyboard */ = {isa = PBXFileReference; lastKnownFileType = file.storyboard; path = FavoritesStoryboard.storyboard; sourceTree = "<group>"; };
		EEA6ECA02024FBFC00E04FFD /* FeaturedStoryboard.storyboard */ = {isa = PBXFileReference; fileEncoding = 4; lastKnownFileType = file.storyboard; path = FeaturedStoryboard.storyboard; sourceTree = "<group>"; };
		EEA6ECA22024FC0600E04FFD /* AccountStoryboard.storyboard */ = {isa = PBXFileReference; fileEncoding = 4; lastKnownFileType = file.storyboard; path = AccountStoryboard.storyboard; sourceTree = "<group>"; };
		EEA6ECA82028E29D00E04FFD /* AccountViewController.swift */ = {isa = PBXFileReference; lastKnownFileType = sourcecode.swift; path = AccountViewController.swift; sourceTree = "<group>"; };
		EEA6ECAA2028F06F00E04FFD /* ProductTableViewCell.swift */ = {isa = PBXFileReference; lastKnownFileType = sourcecode.swift; path = ProductTableViewCell.swift; sourceTree = "<group>"; };
		EEA6ECAE202A35A400E04FFD /* FeaturedViewController.swift */ = {isa = PBXFileReference; lastKnownFileType = sourcecode.swift; path = FeaturedViewController.swift; sourceTree = "<group>"; };
		EEA6ECB1202A373900E04FFD /* FeaturedProductTableViewCell.swift */ = {isa = PBXFileReference; lastKnownFileType = sourcecode.swift; path = FeaturedProductTableViewCell.swift; sourceTree = "<group>"; };
		EEA6ECB7202B705100E04FFD /* ProductConfigureViewController.swift */ = {isa = PBXFileReference; lastKnownFileType = sourcecode.swift; path = ProductConfigureViewController.swift; sourceTree = "<group>"; };
		EEA6ECBB202B782C00E04FFD /* UIViewExtension.swift */ = {isa = PBXFileReference; lastKnownFileType = sourcecode.swift; path = UIViewExtension.swift; sourceTree = "<group>"; };
		EEA6ECBF202BA36100E04FFD /* BaseTableViewCell.swift */ = {isa = PBXFileReference; lastKnownFileType = sourcecode.swift; path = BaseTableViewCell.swift; sourceTree = "<group>"; };
		EEB4A8B42037471200745515 /* UIButtonExtension.swift */ = {isa = PBXFileReference; lastKnownFileType = sourcecode.swift; path = UIButtonExtension.swift; sourceTree = "<group>"; };
/* End PBXFileReference section */

/* Begin PBXFrameworksBuildPhase section */
		A4687106201A514C00096408 /* Frameworks */ = {
			isa = PBXFrameworksBuildPhase;
			buildActionMask = 2147483647;
			files = (
				586B897C24BAAF7812576C33 /* Pods_Consumer.framework in Frameworks */,
				A45F0487204EF36100074F13 /* Common.framework in Frameworks */,
			);
			runOnlyForDeploymentPostprocessing = 0;
		};
		A468711A201A514D00096408 /* Frameworks */ = {
			isa = PBXFrameworksBuildPhase;
			buildActionMask = 2147483647;
			files = (
			);
			runOnlyForDeploymentPostprocessing = 0;
		};
/* End PBXFrameworksBuildPhase section */

/* Begin PBXGroup section */
		4F9F8028371539C661801704 /* Frameworks */ = {
			isa = PBXGroup;
			children = (
				404B08755157B08E53A42453 /* Pods_Consumer.framework */,
			);
			name = Frameworks;
			sourceTree = "<group>";
		};
		A435742C204291B000F6C040 /* Helpers */ = {
			isa = PBXGroup;
			children = (
				A435742D204291C700F6C040 /* AnimationHelpers.swift */,
			);
			path = Helpers;
			sourceTree = "<group>";
		};
		A4687100201A514C00096408 = {
			isa = PBXGroup;
			children = (
				A45F0486204EF36100074F13 /* Common.framework */,
				A468710B201A514C00096408 /* Consumer */,
				A4687120201A514D00096408 /* ConsumerTests */,
				A468710A201A514C00096408 /* Products */,
				BD37112338E750331BCBA22C /* Pods */,
				4F9F8028371539C661801704 /* Frameworks */,
			);
			sourceTree = "<group>";
		};
		A468710A201A514C00096408 /* Products */ = {
			isa = PBXGroup;
			children = (
				A4687109201A514C00096408 /* Consumer.app */,
				A468711D201A514D00096408 /* ConsumerTests.xctest */,
			);
			name = Products;
			sourceTree = "<group>";
		};
		A468710B201A514C00096408 /* Consumer */ = {
			isa = PBXGroup;
			children = (
				A435742C204291B000F6C040 /* Helpers */,
				EEA6EC9A202242BF00E04FFD /* Extension */,
				A4687131201A549400096408 /* Resource */,
				EEA6EC9120211DF700E04FFD /* View */,
				A468712E201A548200096408 /* ViewController */,
				A468710C201A514C00096408 /* AppDelegate.swift */,
				A4687118201A514C00096408 /* Info.plist */,
			);
			path = Consumer;
			sourceTree = "<group>";
		};
		A4687120201A514D00096408 /* ConsumerTests */ = {
			isa = PBXGroup;
			children = (
				A4687121201A514D00096408 /* ConsumerTests.swift */,
				A4687123201A514D00096408 /* Info.plist */,
			);
			path = ConsumerTests;
			sourceTree = "<group>";
		};
		A468712E201A548200096408 /* ViewController */ = {
			isa = PBXGroup;
			children = (
				EEA6ECB0202A36EB00E04FFD /* Cells */,
				A468710E201A514C00096408 /* InitialViewController.swift */,
				EEA6EC9220221D7B00E04FFD /* OrderMainViewController.swift */,
				EEA6EC982022237F00E04FFD /* ProductViewController.swift */,
				EEA6ECAE202A35A400E04FFD /* FeaturedViewController.swift */,
				EEA6ECA82028E29D00E04FFD /* AccountViewController.swift */,
				EEA6ECB7202B705100E04FFD /* ProductConfigureViewController.swift */,
				A4FA2DC02031764E00DCCC72 /* CartViewController.swift */,
				A4B9A1B9203CAF6B004D2519 /* BaseViewController.swift */,
				A43574282042836400F6C040 /* SyncProgressViewController.swift */,
				A406EAE8205F7F9600E0A850 /* FavoritesViewController.swift */,
			);
			path = ViewController;
			sourceTree = "<group>";
		};
		A4687131201A549400096408 /* Resource */ = {
			isa = PBXGroup;
			children = (
				A4687113201A514C00096408 /* Assets.xcassets */,
				A4687115201A514C00096408 /* LaunchScreen.storyboard */,
			);
			path = Resource;
			sourceTree = "<group>";
		};
		BD37112338E750331BCBA22C /* Pods */ = {
			isa = PBXGroup;
			children = (
				4BD3A2E44F8D6A6A1571065C /* Pods-Consumer.debug.xcconfig */,
				2B0262060C853D6DF04654D7 /* Pods-Consumer.release.xcconfig */,
			);
			name = Pods;
			sourceTree = "<group>";
		};
		EEA6EC9120211DF700E04FFD /* View */ = {
			isa = PBXGroup;
			children = (
				A4B9A1B7203BC5BB004D2519 /* ProductConfigureStoryboard.storyboard */,
				EEA6EC8D202112DC00E04FFD /* RootStoryboard.storyboard */,
				EEA6EC8F2021166C00E04FFD /* OrderMainStoryboard.storyboard */,
				EEA6EC962022236500E04FFD /* ProductStoryboard.storyboard */,
				EEA6EC9E2024FB9D00E04FFD /* FavoritesStoryboard.storyboard */,
				EEA6ECA02024FBFC00E04FFD /* FeaturedStoryboard.storyboard */,
				EEA6ECA22024FC0600E04FFD /* AccountStoryboard.storyboard */,
				A4B8C45F202A1392004176A1 /* OrderMainCollectionViewLayout.swift */,
				A4B5E0B620341B4200C62C69 /* GradientView.swift */,
				A4ED9C272035E56500E52F58 /* SliderControl.swift */,
				A4ED9C292035E57400E52F58 /* IncrementControl.swift */,
				A4ED9C2B2035E7E600E52F58 /* ProductConfigControlBase.swift */,
				A4B9A1B5203AB534004D2519 /* ListItemControl.swift */,
				A435742A2042847300F6C040 /* PercentLine.swift */,
				A45F03BB204E4A3A00074F13 /* ActivityIndicatorView.swift */,
			);
			path = View;
			sourceTree = "<group>";
		};
		EEA6EC9A202242BF00E04FFD /* Extension */ = {
			isa = PBXGroup;
			children = (
				EEA6ECBB202B782C00E04FFD /* UIViewExtension.swift */,
				EEB4A8B42037471200745515 /* UIButtonExtension.swift */,
				A406EAB820570DBB00E0A850 /* StringExtension.swift */,
			);
			path = Extension;
			sourceTree = "<group>";
		};
		EEA6ECB0202A36EB00E04FFD /* Cells */ = {
			isa = PBXGroup;
			children = (
				EEA6EC9420221FD300E04FFD /* CategoryCollectionViewCell.swift */,
				EEA6ECAA2028F06F00E04FFD /* ProductTableViewCell.swift */,
				EEA6ECB1202A373900E04FFD /* FeaturedProductTableViewCell.swift */,
				EEA6ECBF202BA36100E04FFD /* BaseTableViewCell.swift */,
				A4FA2DC220324A1700DCCC72 /* CartItemTableViewCell.swift */,
				A4FA2DC420324A4300DCCC72 /* CartHeaderView.swift */,
				A4FA2DF02033736500DCCC72 /* CartFooterView.swift */,
				A4B5E0B42033EB1D00C62C69 /* ProductConfigureTableViewCell.swift */,
				A406EAEA205F986D00E0A850 /* AccountHeaderView.swift */,
				A406EAEC205F99F400E0A850 /* AccountTableViewCell.swift */,
			);
			path = Cells;
			sourceTree = "<group>";
		};
/* End PBXGroup section */

/* Begin PBXNativeTarget section */
		A4687108201A514C00096408 /* Consumer */ = {
			isa = PBXNativeTarget;
			buildConfigurationList = A4687126201A514D00096408 /* Build configuration list for PBXNativeTarget "Consumer" */;
			buildPhases = (
				E1BAE97CC1E53DF079A2DA6E /* [CP] Check Pods Manifest.lock */,
				A4687105201A514C00096408 /* Sources */,
				A4687106201A514C00096408 /* Frameworks */,
				A4687107201A514C00096408 /* Resources */,
				9ACD4DF8010B95685FA3A439 /* [CP] Embed Pods Frameworks */,
				1753AE9130DE5FC5CFF014FE /* [CP] Copy Pods Resources */,
				A45F0489204EF36200074F13 /* Embed Frameworks */,
			);
			buildRules = (
			);
			dependencies = (
			);
			name = Consumer;
			productName = Consumer;
			productReference = A4687109201A514C00096408 /* Consumer.app */;
			productType = "com.apple.product-type.application";
		};
		A468711C201A514D00096408 /* ConsumerTests */ = {
			isa = PBXNativeTarget;
			buildConfigurationList = A4687129201A514D00096408 /* Build configuration list for PBXNativeTarget "ConsumerTests" */;
			buildPhases = (
				A4687119201A514D00096408 /* Sources */,
				A468711A201A514D00096408 /* Frameworks */,
				A468711B201A514D00096408 /* Resources */,
			);
			buildRules = (
			);
			dependencies = (
				A468711F201A514D00096408 /* PBXTargetDependency */,
			);
			name = ConsumerTests;
			productName = ConsumerTests;
			productReference = A468711D201A514D00096408 /* ConsumerTests.xctest */;
			productType = "com.apple.product-type.bundle.unit-test";
		};
/* End PBXNativeTarget section */

/* Begin PBXProject section */
		A4687101201A514C00096408 /* Project object */ = {
			isa = PBXProject;
			attributes = {
				LastSwiftUpdateCheck = 0920;
				LastUpgradeCheck = 0920;
				ORGANIZATIONNAME = Salesforce;
				TargetAttributes = {
					A4687108201A514C00096408 = {
						CreatedOnToolsVersion = 9.2;
						ProvisioningStyle = Manual;
					};
					A468711C201A514D00096408 = {
						CreatedOnToolsVersion = 9.2;
						ProvisioningStyle = Automatic;
						TestTargetID = A4687108201A514C00096408;
					};
				};
			};
			buildConfigurationList = A4687104201A514C00096408 /* Build configuration list for PBXProject "Consumer" */;
			compatibilityVersion = "Xcode 8.0";
			developmentRegion = en;
			hasScannedForEncodings = 0;
			knownRegions = (
				en,
				Base,
			);
			mainGroup = A4687100201A514C00096408;
			productRefGroup = A468710A201A514C00096408 /* Products */;
			projectDirPath = "";
			projectRoot = "";
			targets = (
				A4687108201A514C00096408 /* Consumer */,
				A468711C201A514D00096408 /* ConsumerTests */,
			);
		};
/* End PBXProject section */

/* Begin PBXResourcesBuildPhase section */
		A4687107201A514C00096408 /* Resources */ = {
			isa = PBXResourcesBuildPhase;
			buildActionMask = 2147483647;
			files = (
				A4B9A1B8203BC5BB004D2519 /* ProductConfigureStoryboard.storyboard in Resources */,
				EEA6ECA12024FBFC00E04FFD /* FeaturedStoryboard.storyboard in Resources */,
				EEA6ECA32024FC0600E04FFD /* AccountStoryboard.storyboard in Resources */,
				EEA6EC902021166C00E04FFD /* OrderMainStoryboard.storyboard in Resources */,
				EEA6EC972022236500E04FFD /* ProductStoryboard.storyboard in Resources */,
				EEA6EC8E202112DC00E04FFD /* RootStoryboard.storyboard in Resources */,
				EEA6EC9F2024FB9D00E04FFD /* FavoritesStoryboard.storyboard in Resources */,
				A4687117201A514C00096408 /* LaunchScreen.storyboard in Resources */,
				A4687114201A514C00096408 /* Assets.xcassets in Resources */,
			);
			runOnlyForDeploymentPostprocessing = 0;
		};
		A468711B201A514D00096408 /* Resources */ = {
			isa = PBXResourcesBuildPhase;
			buildActionMask = 2147483647;
			files = (
			);
			runOnlyForDeploymentPostprocessing = 0;
		};
/* End PBXResourcesBuildPhase section */

/* Begin PBXShellScriptBuildPhase section */
		1753AE9130DE5FC5CFF014FE /* [CP] Copy Pods Resources */ = {
			isa = PBXShellScriptBuildPhase;
			buildActionMask = 2147483647;
			files = (
			);
			inputPaths = (
			);
			name = "[CP] Copy Pods Resources";
			outputPaths = (
			);
			runOnlyForDeploymentPostprocessing = 0;
			shellPath = /bin/sh;
			shellScript = "\"${SRCROOT}/../Pods/Target Support Files/Pods-Consumer/Pods-Consumer-resources.sh\"\n";
			showEnvVarsInLog = 0;
		};
		9ACD4DF8010B95685FA3A439 /* [CP] Embed Pods Frameworks */ = {
			isa = PBXShellScriptBuildPhase;
			buildActionMask = 2147483647;
			files = (
			);
			inputPaths = (
			);
			name = "[CP] Embed Pods Frameworks";
			outputPaths = (
			);
			runOnlyForDeploymentPostprocessing = 0;
			shellPath = /bin/sh;
			shellScript = "\"${SRCROOT}/../Pods/Target Support Files/Pods-Consumer/Pods-Consumer-frameworks.sh\"\n";
			showEnvVarsInLog = 0;
		};
		E1BAE97CC1E53DF079A2DA6E /* [CP] Check Pods Manifest.lock */ = {
			isa = PBXShellScriptBuildPhase;
			buildActionMask = 2147483647;
			files = (
			);
			inputPaths = (
			);
			name = "[CP] Check Pods Manifest.lock";
			outputPaths = (
			);
			runOnlyForDeploymentPostprocessing = 0;
			shellPath = /bin/sh;
			shellScript = "diff \"${PODS_ROOT}/../Podfile.lock\" \"${PODS_ROOT}/Manifest.lock\" > /dev/null\nif [ $? != 0 ] ; then\n    # print error to STDERR\n    echo \"error: The sandbox is not in sync with the Podfile.lock. Run 'pod install' or update your CocoaPods installation.\" >&2\n    exit 1\nfi\n";
			showEnvVarsInLog = 0;
		};
/* End PBXShellScriptBuildPhase section */

/* Begin PBXSourcesBuildPhase section */
		A4687105201A514C00096408 /* Sources */ = {
			isa = PBXSourcesBuildPhase;
			buildActionMask = 2147483647;
			files = (
				A4B5E0B720341B4200C62C69 /* GradientView.swift in Sources */,
				A4ED9C2C2035E7E600E52F58 /* ProductConfigControlBase.swift in Sources */,
				A4B9A1BA203CAF6B004D2519 /* BaseViewController.swift in Sources */,
				A4B9A1B6203AB534004D2519 /* ListItemControl.swift in Sources */,
				A4B5E0B52033EB1D00C62C69 /* ProductConfigureTableViewCell.swift in Sources */,
				EEA6ECC0202BA36100E04FFD /* BaseTableViewCell.swift in Sources */,
				EEA6ECB8202B705100E04FFD /* ProductConfigureViewController.swift in Sources */,
				A406EAE9205F7F9600E0A850 /* FavoritesViewController.swift in Sources */,
				A4FA2DC520324A4300DCCC72 /* CartHeaderView.swift in Sources */,
				A4FA2DC12031764E00DCCC72 /* CartViewController.swift in Sources */,
				A4ED9C282035E56500E52F58 /* SliderControl.swift in Sources */,
				A4FA2DF12033736500DCCC72 /* CartFooterView.swift in Sources */,
				A4ED9C2A2035E57400E52F58 /* IncrementControl.swift in Sources */,
				EEA6ECAF202A35A400E04FFD /* FeaturedViewController.swift in Sources */,
				A43574292042836400F6C040 /* SyncProgressViewController.swift in Sources */,
				EEA6EC992022237F00E04FFD /* ProductViewController.swift in Sources */,
				A406EAEB205F986D00E0A850 /* AccountHeaderView.swift in Sources */,
				EEB4A8B52037471200745515 /* UIButtonExtension.swift in Sources */,
				A435742B2042847300F6C040 /* PercentLine.swift in Sources */,
				A468710F201A514C00096408 /* InitialViewController.swift in Sources */,
				A406EAB920570DBB00E0A850 /* StringExtension.swift in Sources */,
				EEA6ECAB2028F06F00E04FFD /* ProductTableViewCell.swift in Sources */,
				A468710D201A514C00096408 /* AppDelegate.swift in Sources */,
				A435742E204291C700F6C040 /* AnimationHelpers.swift in Sources */,
				EEA6ECB2202A373900E04FFD /* FeaturedProductTableViewCell.swift in Sources */,
				A45F03BC204E4A3A00074F13 /* ActivityIndicatorView.swift in Sources */,
				A4B8C460202A1392004176A1 /* OrderMainCollectionViewLayout.swift in Sources */,
				EEA6ECA92028E29D00E04FFD /* AccountViewController.swift in Sources */,
				EEA6ECBC202B782C00E04FFD /* UIViewExtension.swift in Sources */,
				EEA6EC9520221FD300E04FFD /* CategoryCollectionViewCell.swift in Sources */,
				EEA6EC9320221D7B00E04FFD /* OrderMainViewController.swift in Sources */,
				A406EAED205F99F400E0A850 /* AccountTableViewCell.swift in Sources */,
				A4FA2DC320324A1700DCCC72 /* CartItemTableViewCell.swift in Sources */,
			);
			runOnlyForDeploymentPostprocessing = 0;
		};
		A4687119201A514D00096408 /* Sources */ = {
			isa = PBXSourcesBuildPhase;
			buildActionMask = 2147483647;
			files = (
				A4687122201A514D00096408 /* ConsumerTests.swift in Sources */,
			);
			runOnlyForDeploymentPostprocessing = 0;
		};
/* End PBXSourcesBuildPhase section */

/* Begin PBXTargetDependency section */
		A468711F201A514D00096408 /* PBXTargetDependency */ = {
			isa = PBXTargetDependency;
			target = A4687108201A514C00096408 /* Consumer */;
			targetProxy = A468711E201A514D00096408 /* PBXContainerItemProxy */;
		};
/* End PBXTargetDependency section */

/* Begin PBXVariantGroup section */
		A4687115201A514C00096408 /* LaunchScreen.storyboard */ = {
			isa = PBXVariantGroup;
			children = (
				A4687116201A514C00096408 /* Base */,
			);
			name = LaunchScreen.storyboard;
			sourceTree = "<group>";
		};
/* End PBXVariantGroup section */

/* Begin XCBuildConfiguration section */
		A4687124201A514D00096408 /* Debug */ = {
			isa = XCBuildConfiguration;
			buildSettings = {
				ALWAYS_SEARCH_USER_PATHS = NO;
				CLANG_ANALYZER_NONNULL = YES;
				CLANG_ANALYZER_NUMBER_OBJECT_CONVERSION = YES_AGGRESSIVE;
				CLANG_CXX_LANGUAGE_STANDARD = "gnu++14";
				CLANG_CXX_LIBRARY = "libc++";
				CLANG_ENABLE_MODULES = YES;
				CLANG_ENABLE_OBJC_ARC = YES;
				CLANG_WARN_BLOCK_CAPTURE_AUTORELEASING = YES;
				CLANG_WARN_BOOL_CONVERSION = YES;
				CLANG_WARN_COMMA = YES;
				CLANG_WARN_CONSTANT_CONVERSION = YES;
				CLANG_WARN_DIRECT_OBJC_ISA_USAGE = YES_ERROR;
				CLANG_WARN_DOCUMENTATION_COMMENTS = YES;
				CLANG_WARN_EMPTY_BODY = YES;
				CLANG_WARN_ENUM_CONVERSION = YES;
				CLANG_WARN_INFINITE_RECURSION = YES;
				CLANG_WARN_INT_CONVERSION = YES;
				CLANG_WARN_NON_LITERAL_NULL_CONVERSION = YES;
				CLANG_WARN_OBJC_LITERAL_CONVERSION = YES;
				CLANG_WARN_OBJC_ROOT_CLASS = YES_ERROR;
				CLANG_WARN_RANGE_LOOP_ANALYSIS = YES;
				CLANG_WARN_STRICT_PROTOTYPES = YES;
				CLANG_WARN_SUSPICIOUS_MOVE = YES;
				CLANG_WARN_UNGUARDED_AVAILABILITY = YES_AGGRESSIVE;
				CLANG_WARN_UNREACHABLE_CODE = YES;
				CLANG_WARN__DUPLICATE_METHOD_MATCH = YES;
				CODE_SIGN_IDENTITY = "iPhone Developer";
				COPY_PHASE_STRIP = NO;
				DEBUG_INFORMATION_FORMAT = dwarf;
				ENABLE_STRICT_OBJC_MSGSEND = YES;
				ENABLE_TESTABILITY = YES;
				GCC_C_LANGUAGE_STANDARD = gnu11;
				GCC_DYNAMIC_NO_PIC = NO;
				GCC_NO_COMMON_BLOCKS = YES;
				GCC_OPTIMIZATION_LEVEL = 0;
				GCC_PREPROCESSOR_DEFINITIONS = (
					"DEBUG=1",
					"$(inherited)",
				);
				GCC_WARN_64_TO_32_BIT_CONVERSION = YES;
				GCC_WARN_ABOUT_RETURN_TYPE = YES_ERROR;
				GCC_WARN_UNDECLARED_SELECTOR = YES;
				GCC_WARN_UNINITIALIZED_AUTOS = YES_AGGRESSIVE;
				GCC_WARN_UNUSED_FUNCTION = YES;
				GCC_WARN_UNUSED_VARIABLE = YES;
				IPHONEOS_DEPLOYMENT_TARGET = 11.2;
				MTL_ENABLE_DEBUG_INFO = YES;
				ONLY_ACTIVE_ARCH = YES;
				SDKROOT = iphoneos;
				SWIFT_ACTIVE_COMPILATION_CONDITIONS = DEBUG;
				SWIFT_OPTIMIZATION_LEVEL = "-Onone";
			};
			name = Debug;
		};
		A4687125201A514D00096408 /* Release */ = {
			isa = XCBuildConfiguration;
			buildSettings = {
				ALWAYS_SEARCH_USER_PATHS = NO;
				CLANG_ANALYZER_NONNULL = YES;
				CLANG_ANALYZER_NUMBER_OBJECT_CONVERSION = YES_AGGRESSIVE;
				CLANG_CXX_LANGUAGE_STANDARD = "gnu++14";
				CLANG_CXX_LIBRARY = "libc++";
				CLANG_ENABLE_MODULES = YES;
				CLANG_ENABLE_OBJC_ARC = YES;
				CLANG_WARN_BLOCK_CAPTURE_AUTORELEASING = YES;
				CLANG_WARN_BOOL_CONVERSION = YES;
				CLANG_WARN_COMMA = YES;
				CLANG_WARN_CONSTANT_CONVERSION = YES;
				CLANG_WARN_DIRECT_OBJC_ISA_USAGE = YES_ERROR;
				CLANG_WARN_DOCUMENTATION_COMMENTS = YES;
				CLANG_WARN_EMPTY_BODY = YES;
				CLANG_WARN_ENUM_CONVERSION = YES;
				CLANG_WARN_INFINITE_RECURSION = YES;
				CLANG_WARN_INT_CONVERSION = YES;
				CLANG_WARN_NON_LITERAL_NULL_CONVERSION = YES;
				CLANG_WARN_OBJC_LITERAL_CONVERSION = YES;
				CLANG_WARN_OBJC_ROOT_CLASS = YES_ERROR;
				CLANG_WARN_RANGE_LOOP_ANALYSIS = YES;
				CLANG_WARN_STRICT_PROTOTYPES = YES;
				CLANG_WARN_SUSPICIOUS_MOVE = YES;
				CLANG_WARN_UNGUARDED_AVAILABILITY = YES_AGGRESSIVE;
				CLANG_WARN_UNREACHABLE_CODE = YES;
				CLANG_WARN__DUPLICATE_METHOD_MATCH = YES;
				CODE_SIGN_IDENTITY = "iPhone Developer";
				COPY_PHASE_STRIP = NO;
				DEBUG_INFORMATION_FORMAT = "dwarf-with-dsym";
				ENABLE_NS_ASSERTIONS = NO;
				ENABLE_STRICT_OBJC_MSGSEND = YES;
				GCC_C_LANGUAGE_STANDARD = gnu11;
				GCC_NO_COMMON_BLOCKS = YES;
				GCC_WARN_64_TO_32_BIT_CONVERSION = YES;
				GCC_WARN_ABOUT_RETURN_TYPE = YES_ERROR;
				GCC_WARN_UNDECLARED_SELECTOR = YES;
				GCC_WARN_UNINITIALIZED_AUTOS = YES_AGGRESSIVE;
				GCC_WARN_UNUSED_FUNCTION = YES;
				GCC_WARN_UNUSED_VARIABLE = YES;
				IPHONEOS_DEPLOYMENT_TARGET = 11.2;
				MTL_ENABLE_DEBUG_INFO = NO;
				SDKROOT = iphoneos;
				SWIFT_OPTIMIZATION_LEVEL = "-Owholemodule";
				VALIDATE_PRODUCT = YES;
			};
			name = Release;
		};
		A4687127201A514D00096408 /* Debug */ = {
			isa = XCBuildConfiguration;
			baseConfigurationReference = 4BD3A2E44F8D6A6A1571065C /* Pods-Consumer.debug.xcconfig */;
			buildSettings = {
				ASSETCATALOG_COMPILER_APPICON_NAME = AppIcon;
				"CODE_SIGN_IDENTITY[sdk=iphoneos*]" = "iPhone Distribution";
				CODE_SIGN_STYLE = Manual;
				DEVELOPMENT_TEAM = 5DFJC8MD3A;
				INFOPLIST_FILE = Consumer/Info.plist;
				LD_RUNPATH_SEARCH_PATHS = "$(inherited) @executable_path/Frameworks";
				PRODUCT_BUNDLE_IDENTIFIER = com.salesforce.barista.Consumer;
				PRODUCT_NAME = "$(TARGET_NAME)";
				PROVISIONING_PROFILE = "f8447adf-ec7f-407c-a516-c2030a4c5bf5";
				PROVISIONING_PROFILE_SPECIFIER = MM_Distribution;
				SWIFT_VERSION = 4.0;
				TARGETED_DEVICE_FAMILY = 1;
			};
			name = Debug;
		};
		A4687128201A514D00096408 /* Release */ = {
			isa = XCBuildConfiguration;
			baseConfigurationReference = 2B0262060C853D6DF04654D7 /* Pods-Consumer.release.xcconfig */;
			buildSettings = {
				ASSETCATALOG_COMPILER_APPICON_NAME = AppIcon;
				"CODE_SIGN_IDENTITY[sdk=iphoneos*]" = "iPhone Distribution";
				CODE_SIGN_STYLE = Manual;
				DEVELOPMENT_TEAM = 5DFJC8MD3A;
				INFOPLIST_FILE = Consumer/Info.plist;
				LD_RUNPATH_SEARCH_PATHS = "$(inherited) @executable_path/Frameworks";
				PRODUCT_BUNDLE_IDENTIFIER = com.salesforce.barista.Consumer;
				PRODUCT_NAME = "$(TARGET_NAME)";
				PROVISIONING_PROFILE = "f8447adf-ec7f-407c-a516-c2030a4c5bf5";
				PROVISIONING_PROFILE_SPECIFIER = MM_Distribution;
				SWIFT_VERSION = 4.0;
				TARGETED_DEVICE_FAMILY = 1;
			};
			name = Release;
		};
		A468712A201A514D00096408 /* Debug */ = {
			isa = XCBuildConfiguration;
			buildSettings = {
				ALWAYS_EMBED_SWIFT_STANDARD_LIBRARIES = YES;
				BUNDLE_LOADER = "$(TEST_HOST)";
				CODE_SIGN_STYLE = Automatic;
				INFOPLIST_FILE = ConsumerTests/Info.plist;
				LD_RUNPATH_SEARCH_PATHS = "$(inherited) @executable_path/Frameworks @loader_path/Frameworks";
				PRODUCT_BUNDLE_IDENTIFIER = com.salesforce.barista.ConsumerTests;
				PRODUCT_NAME = "$(TARGET_NAME)";
				SWIFT_VERSION = 4.0;
				TARGETED_DEVICE_FAMILY = "1,2";
				TEST_HOST = "$(BUILT_PRODUCTS_DIR)/Consumer.app/Consumer";
			};
			name = Debug;
		};
		A468712B201A514D00096408 /* Release */ = {
			isa = XCBuildConfiguration;
			buildSettings = {
				ALWAYS_EMBED_SWIFT_STANDARD_LIBRARIES = YES;
				BUNDLE_LOADER = "$(TEST_HOST)";
				CODE_SIGN_STYLE = Automatic;
				INFOPLIST_FILE = ConsumerTests/Info.plist;
				LD_RUNPATH_SEARCH_PATHS = "$(inherited) @executable_path/Frameworks @loader_path/Frameworks";
				PRODUCT_BUNDLE_IDENTIFIER = com.salesforce.barista.ConsumerTests;
				PRODUCT_NAME = "$(TARGET_NAME)";
				SWIFT_VERSION = 4.0;
				TARGETED_DEVICE_FAMILY = "1,2";
				TEST_HOST = "$(BUILT_PRODUCTS_DIR)/Consumer.app/Consumer";
			};
			name = Release;
		};
/* End XCBuildConfiguration section */

/* Begin XCConfigurationList section */
		A4687104201A514C00096408 /* Build configuration list for PBXProject "Consumer" */ = {
			isa = XCConfigurationList;
			buildConfigurations = (
				A4687124201A514D00096408 /* Debug */,
				A4687125201A514D00096408 /* Release */,
			);
			defaultConfigurationIsVisible = 0;
			defaultConfigurationName = Release;
		};
		A4687126201A514D00096408 /* Build configuration list for PBXNativeTarget "Consumer" */ = {
			isa = XCConfigurationList;
			buildConfigurations = (
				A4687127201A514D00096408 /* Debug */,
				A4687128201A514D00096408 /* Release */,
			);
			defaultConfigurationIsVisible = 0;
			defaultConfigurationName = Release;
		};
		A4687129201A514D00096408 /* Build configuration list for PBXNativeTarget "ConsumerTests" */ = {
			isa = XCConfigurationList;
			buildConfigurations = (
				A468712A201A514D00096408 /* Debug */,
				A468712B201A514D00096408 /* Release */,
			);
			defaultConfigurationIsVisible = 0;
			defaultConfigurationName = Release;
		};
/* End XCConfigurationList section */
	};
	rootObject = A4687101201A514C00096408 /* Project object */;
}
